// !$*UTF8*$!
{
	archiveVersion = 1;
	classes = {
	};
	objectVersion = 56;
	objects = {

/* Begin PBXBuildFile section */
		77145A6A291924490052B2FB /* AppDelegate.swift in Sources */ = {isa = PBXBuildFile; fileRef = 77145A69291924490052B2FB /* AppDelegate.swift */; };
		77145A6C291924490052B2FB /* SceneDelegate.swift in Sources */ = {isa = PBXBuildFile; fileRef = 77145A6B291924490052B2FB /* SceneDelegate.swift */; };
		77145A6E291924490052B2FB /* OnBoardingPageViewController.swift in Sources */ = {isa = PBXBuildFile; fileRef = 77145A6D291924490052B2FB /* OnBoardingPageViewController.swift */; };
		77145A732919244A0052B2FB /* Assets.xcassets in Resources */ = {isa = PBXBuildFile; fileRef = 77145A722919244A0052B2FB /* Assets.xcassets */; };
		77145A762919244A0052B2FB /* LaunchScreen.storyboard in Resources */ = {isa = PBXBuildFile; fileRef = 77145A742919244A0052B2FB /* LaunchScreen.storyboard */; };
		77145A7F291924600052B2FB /* RxCocoa in Frameworks */ = {isa = PBXBuildFile; productRef = 77145A7E291924600052B2FB /* RxCocoa */; };
		77145A81291924600052B2FB /* RxSwift in Frameworks */ = {isa = PBXBuildFile; productRef = 77145A80291924600052B2FB /* RxSwift */; };
		77145A84291924690052B2FB /* Toast in Frameworks */ = {isa = PBXBuildFile; productRef = 77145A83291924690052B2FB /* Toast */; };
		7737FD26291AA1380029DEA2 /* FirebaseAuth in Frameworks */ = {isa = PBXBuildFile; productRef = 7737FD25291AA1380029DEA2 /* FirebaseAuth */; };
		7737FD35291AC8A50029DEA2 /* NickNameViewModel.swift in Sources */ = {isa = PBXBuildFile; fileRef = 7737FD34291AC8A50029DEA2 /* NickNameViewModel.swift */; };
		7737FD37291ACABD0029DEA2 /* BirthViewController.swift in Sources */ = {isa = PBXBuildFile; fileRef = 7737FD36291ACABD0029DEA2 /* BirthViewController.swift */; };
		7737FD39291ACAC60029DEA2 /* BirthViewModel.swift in Sources */ = {isa = PBXBuildFile; fileRef = 7737FD38291ACAC60029DEA2 /* BirthViewModel.swift */; };
		7737FD3B291ACB4B0029DEA2 /* EmailViewController.swift in Sources */ = {isa = PBXBuildFile; fileRef = 7737FD3A291ACB4B0029DEA2 /* EmailViewController.swift */; };
		7737FD3D291ACB690029DEA2 /* EmailViewModel.swift in Sources */ = {isa = PBXBuildFile; fileRef = 7737FD3C291ACB690029DEA2 /* EmailViewModel.swift */; };
		7737FD3F291ACB8E0029DEA2 /* GenderViewController.swift in Sources */ = {isa = PBXBuildFile; fileRef = 7737FD3E291ACB8E0029DEA2 /* GenderViewController.swift */; };
		7737FD41291ACB970029DEA2 /* GenderViewModel.swift in Sources */ = {isa = PBXBuildFile; fileRef = 7737FD40291ACB970029DEA2 /* GenderViewModel.swift */; };
		77577012291BD4D000DA331B /* UserDefaults.swift in Sources */ = {isa = PBXBuildFile; fileRef = 77577011291BD4D000DA331B /* UserDefaults.swift */; };
		77577014291BDA0800DA331B /* GoogleService-Info.plist in Resources */ = {isa = PBXBuildFile; fileRef = 77577013291BDA0800DA331B /* GoogleService-Info.plist */; };
		77577019291D3A2700DA331B /* CustomTextField.swift in Sources */ = {isa = PBXBuildFile; fileRef = 77577018291D3A2700DA331B /* CustomTextField.swift */; };
		7757701E291DE2DB00DA331B /* FirebaseAuthorization.swift in Sources */ = {isa = PBXBuildFile; fileRef = 7757701D291DE2DB00DA331B /* FirebaseAuthorization.swift */; };
		77C0D9822919270D008FDA83 /* OnBoardingViewModel.swift in Sources */ = {isa = PBXBuildFile; fileRef = 77C0D9812919270D008FDA83 /* OnBoardingViewModel.swift */; };
		77C0D985291927B1008FDA83 /* SnapKit in Frameworks */ = {isa = PBXBuildFile; productRef = 77C0D984291927B1008FDA83 /* SnapKit */; };
		77C0D98729192F16008FDA83 /* FirstOnBoardingViewController.swift in Sources */ = {isa = PBXBuildFile; fileRef = 77C0D98629192F16008FDA83 /* FirstOnBoardingViewController.swift */; };
		77C0D98929192F28008FDA83 /* SecondOnBoardingViewController.swift in Sources */ = {isa = PBXBuildFile; fileRef = 77C0D98829192F28008FDA83 /* SecondOnBoardingViewController.swift */; };
		77C0D98B29192F35008FDA83 /* ThirdOnBoardingViewController.swift in Sources */ = {isa = PBXBuildFile; fileRef = 77C0D98A29192F35008FDA83 /* ThirdOnBoardingViewController.swift */; };
		77C0D98D29193CA7008FDA83 /* SLPAssets.swift in Sources */ = {isa = PBXBuildFile; fileRef = 77C0D98C29193CA7008FDA83 /* SLPAssets.swift */; };
		77C0D990291942E4008FDA83 /* CustomColor.swift in Sources */ = {isa = PBXBuildFile; fileRef = 77C0D98F291942E4008FDA83 /* CustomColor.swift */; };
		77C0D99629194F50008FDA83 /* LoginViewController.swift in Sources */ = {isa = PBXBuildFile; fileRef = 77C0D99529194F50008FDA83 /* LoginViewController.swift */; };
		77C0D99829195118008FDA83 /* LoginViewModel.swift in Sources */ = {isa = PBXBuildFile; fileRef = 77C0D99729195118008FDA83 /* LoginViewModel.swift */; };
		77C0D99C2919754B008FDA83 /* MainViewController.swift in Sources */ = {isa = PBXBuildFile; fileRef = 77C0D99B2919754B008FDA83 /* MainViewController.swift */; };
		77C0D99E29197554008FDA83 /* NickNameViewController.swift in Sources */ = {isa = PBXBuildFile; fileRef = 77C0D99D29197554008FDA83 /* NickNameViewController.swift */; };
		77C0D9A029198326008FDA83 /* CertificationViewController.swift in Sources */ = {isa = PBXBuildFile; fileRef = 77C0D99F29198326008FDA83 /* CertificationViewController.swift */; };
		77C0D9A229198AE7008FDA83 /* CertificationViewModel.swift in Sources */ = {isa = PBXBuildFile; fileRef = 77C0D9A129198AE7008FDA83 /* CertificationViewModel.swift */; };
		77C0D9A429199970008FDA83 /* String.swift in Sources */ = {isa = PBXBuildFile; fileRef = 77C0D9A329199970008FDA83 /* String.swift */; };
/* End PBXBuildFile section */

/* Begin PBXFileReference section */
		77145A66291924490052B2FB /* SLPProject.app */ = {isa = PBXFileReference; explicitFileType = wrapper.application; includeInIndex = 0; path = SLPProject.app; sourceTree = BUILT_PRODUCTS_DIR; };
		77145A69291924490052B2FB /* AppDelegate.swift */ = {isa = PBXFileReference; lastKnownFileType = sourcecode.swift; path = AppDelegate.swift; sourceTree = "<group>"; };
		77145A6B291924490052B2FB /* SceneDelegate.swift */ = {isa = PBXFileReference; lastKnownFileType = sourcecode.swift; path = SceneDelegate.swift; sourceTree = "<group>"; };
		77145A6D291924490052B2FB /* OnBoardingPageViewController.swift */ = {isa = PBXFileReference; lastKnownFileType = sourcecode.swift; path = OnBoardingPageViewController.swift; sourceTree = "<group>"; };
		77145A722919244A0052B2FB /* Assets.xcassets */ = {isa = PBXFileReference; lastKnownFileType = folder.assetcatalog; path = Assets.xcassets; sourceTree = "<group>"; };
		77145A752919244A0052B2FB /* Base */ = {isa = PBXFileReference; lastKnownFileType = file.storyboard; name = Base; path = Base.lproj/LaunchScreen.storyboard; sourceTree = "<group>"; };
		77145A772919244A0052B2FB /* Info.plist */ = {isa = PBXFileReference; lastKnownFileType = text.plist.xml; path = Info.plist; sourceTree = "<group>"; };
		7737FD23291A9C830029DEA2 /* SLPProjectDebug.entitlements */ = {isa = PBXFileReference; lastKnownFileType = text.plist.entitlements; path = SLPProjectDebug.entitlements; sourceTree = "<group>"; };
		7737FD34291AC8A50029DEA2 /* NickNameViewModel.swift */ = {isa = PBXFileReference; lastKnownFileType = sourcecode.swift; path = NickNameViewModel.swift; sourceTree = "<group>"; };
		7737FD36291ACABD0029DEA2 /* BirthViewController.swift */ = {isa = PBXFileReference; lastKnownFileType = sourcecode.swift; path = BirthViewController.swift; sourceTree = "<group>"; };
		7737FD38291ACAC60029DEA2 /* BirthViewModel.swift */ = {isa = PBXFileReference; lastKnownFileType = sourcecode.swift; path = BirthViewModel.swift; sourceTree = "<group>"; };
		7737FD3A291ACB4B0029DEA2 /* EmailViewController.swift */ = {isa = PBXFileReference; lastKnownFileType = sourcecode.swift; path = EmailViewController.swift; sourceTree = "<group>"; };
		7737FD3C291ACB690029DEA2 /* EmailViewModel.swift */ = {isa = PBXFileReference; lastKnownFileType = sourcecode.swift; path = EmailViewModel.swift; sourceTree = "<group>"; };
		7737FD3E291ACB8E0029DEA2 /* GenderViewController.swift */ = {isa = PBXFileReference; lastKnownFileType = sourcecode.swift; path = GenderViewController.swift; sourceTree = "<group>"; };
		7737FD40291ACB970029DEA2 /* GenderViewModel.swift */ = {isa = PBXFileReference; lastKnownFileType = sourcecode.swift; path = GenderViewModel.swift; sourceTree = "<group>"; };
		77577011291BD4D000DA331B /* UserDefaults.swift */ = {isa = PBXFileReference; lastKnownFileType = sourcecode.swift; path = UserDefaults.swift; sourceTree = "<group>"; };
		77577013291BDA0800DA331B /* GoogleService-Info.plist */ = {isa = PBXFileReference; fileEncoding = 4; lastKnownFileType = text.plist.xml; name = "GoogleService-Info.plist"; path = "../../../Sesac pdf/Sesac 강의 자료/GoogleService-Info.plist"; sourceTree = "<group>"; };
		77577017291CDF5A00DA331B /* SLPProject.entitlements */ = {isa = PBXFileReference; lastKnownFileType = text.plist.entitlements; path = SLPProject.entitlements; sourceTree = "<group>"; };
		77577018291D3A2700DA331B /* CustomTextField.swift */ = {isa = PBXFileReference; lastKnownFileType = sourcecode.swift; path = CustomTextField.swift; sourceTree = "<group>"; };
		7757701D291DE2DB00DA331B /* FirebaseAuthorization.swift */ = {isa = PBXFileReference; lastKnownFileType = sourcecode.swift; path = FirebaseAuthorization.swift; sourceTree = "<group>"; };
		77C0D9812919270D008FDA83 /* OnBoardingViewModel.swift */ = {isa = PBXFileReference; lastKnownFileType = sourcecode.swift; path = OnBoardingViewModel.swift; sourceTree = "<group>"; };
		77C0D98629192F16008FDA83 /* FirstOnBoardingViewController.swift */ = {isa = PBXFileReference; lastKnownFileType = sourcecode.swift; path = FirstOnBoardingViewController.swift; sourceTree = "<group>"; };
		77C0D98829192F28008FDA83 /* SecondOnBoardingViewController.swift */ = {isa = PBXFileReference; lastKnownFileType = sourcecode.swift; path = SecondOnBoardingViewController.swift; sourceTree = "<group>"; };
		77C0D98A29192F35008FDA83 /* ThirdOnBoardingViewController.swift */ = {isa = PBXFileReference; lastKnownFileType = sourcecode.swift; path = ThirdOnBoardingViewController.swift; sourceTree = "<group>"; };
		77C0D98C29193CA7008FDA83 /* SLPAssets.swift */ = {isa = PBXFileReference; lastKnownFileType = sourcecode.swift; path = SLPAssets.swift; sourceTree = "<group>"; };
		77C0D98F291942E4008FDA83 /* CustomColor.swift */ = {isa = PBXFileReference; lastKnownFileType = sourcecode.swift; path = CustomColor.swift; sourceTree = "<group>"; };
		77C0D99529194F50008FDA83 /* LoginViewController.swift */ = {isa = PBXFileReference; lastKnownFileType = sourcecode.swift; path = LoginViewController.swift; sourceTree = "<group>"; };
		77C0D99729195118008FDA83 /* LoginViewModel.swift */ = {isa = PBXFileReference; lastKnownFileType = sourcecode.swift; path = LoginViewModel.swift; sourceTree = "<group>"; };
		77C0D99B2919754B008FDA83 /* MainViewController.swift */ = {isa = PBXFileReference; lastKnownFileType = sourcecode.swift; path = MainViewController.swift; sourceTree = "<group>"; };
		77C0D99D29197554008FDA83 /* NickNameViewController.swift */ = {isa = PBXFileReference; lastKnownFileType = sourcecode.swift; path = NickNameViewController.swift; sourceTree = "<group>"; };
		77C0D99F29198326008FDA83 /* CertificationViewController.swift */ = {isa = PBXFileReference; lastKnownFileType = sourcecode.swift; path = CertificationViewController.swift; sourceTree = "<group>"; };
		77C0D9A129198AE7008FDA83 /* CertificationViewModel.swift */ = {isa = PBXFileReference; lastKnownFileType = sourcecode.swift; path = CertificationViewModel.swift; sourceTree = "<group>"; };
		77C0D9A329199970008FDA83 /* String.swift */ = {isa = PBXFileReference; lastKnownFileType = sourcecode.swift; path = String.swift; sourceTree = "<group>"; };
/* End PBXFileReference section */

/* Begin PBXFrameworksBuildPhase section */
		77145A63291924490052B2FB /* Frameworks */ = {
			isa = PBXFrameworksBuildPhase;
			buildActionMask = 2147483647;
			files = (
				77145A84291924690052B2FB /* Toast in Frameworks */,
				7737FD26291AA1380029DEA2 /* FirebaseAuth in Frameworks */,
				77C0D985291927B1008FDA83 /* SnapKit in Frameworks */,
				77145A81291924600052B2FB /* RxSwift in Frameworks */,
				77145A7F291924600052B2FB /* RxCocoa in Frameworks */,
			);
			runOnlyForDeploymentPostprocessing = 0;
		};
/* End PBXFrameworksBuildPhase section */

/* Begin PBXGroup section */
		77145A5D291924490052B2FB = {
			isa = PBXGroup;
			children = (
				77145A68291924490052B2FB /* SLPProject */,
				77145A67291924490052B2FB /* Products */,
			);
			sourceTree = "<group>";
		};
		77145A67291924490052B2FB /* Products */ = {
			isa = PBXGroup;
			children = (
				77145A66291924490052B2FB /* SLPProject.app */,
			);
			name = Products;
			sourceTree = "<group>";
		};
		77145A68291924490052B2FB /* SLPProject */ = {
			isa = PBXGroup;
			children = (
				77577017291CDF5A00DA331B /* SLPProject.entitlements */,
				77577013291BDA0800DA331B /* GoogleService-Info.plist */,
				7737FD23291A9C830029DEA2 /* SLPProjectDebug.entitlements */,
				77145A772919244A0052B2FB /* Info.plist */,
				77C0D97F29192568008FDA83 /* Application */,
				77C0D97C2919255E008FDA83 /* Model */,
				77C0D97E29192565008FDA83 /* View */,
				77C0D97D29192562008FDA83 /* ViewModel */,
				77C0D9802919259C008FDA83 /* Assets */,
				7757701C291D977800DA331B /* Custom */,
				77C0D98E291942D8008FDA83 /* Extensions */,
			);
			path = SLPProject;
			sourceTree = "<group>";
		};
		7737FD2E291AC70E0029DEA2 /* SignUp */ = {
			isa = PBXGroup;
			children = (
				77C0D99D29197554008FDA83 /* NickNameViewController.swift */,
				7737FD36291ACABD0029DEA2 /* BirthViewController.swift */,
				7737FD3A291ACB4B0029DEA2 /* EmailViewController.swift */,
				7737FD3E291ACB8E0029DEA2 /* GenderViewController.swift */,
			);
			path = SignUp;
			sourceTree = "<group>";
		};
		7737FD2F291AC72C0029DEA2 /* Main */ = {
			isa = PBXGroup;
			children = (
				77C0D99B2919754B008FDA83 /* MainViewController.swift */,
			);
			path = Main;
			sourceTree = "<group>";
		};
		7737FD30291AC74B0029DEA2 /* OnBoarding */ = {
			isa = PBXGroup;
			children = (
				77C0D9812919270D008FDA83 /* OnBoardingViewModel.swift */,
			);
			path = OnBoarding;
			sourceTree = "<group>";
		};
		7737FD31291AC7580029DEA2 /* Login */ = {
			isa = PBXGroup;
			children = (
				77C0D99729195118008FDA83 /* LoginViewModel.swift */,
				77C0D9A129198AE7008FDA83 /* CertificationViewModel.swift */,
			);
			path = Login;
			sourceTree = "<group>";
		};
		7737FD32291AC7770029DEA2 /* SignUp */ = {
			isa = PBXGroup;
			children = (
				7737FD34291AC8A50029DEA2 /* NickNameViewModel.swift */,
				7737FD38291ACAC60029DEA2 /* BirthViewModel.swift */,
				7737FD3C291ACB690029DEA2 /* EmailViewModel.swift */,
				7737FD40291ACB970029DEA2 /* GenderViewModel.swift */,
			);
			path = SignUp;
			sourceTree = "<group>";
		};
		7737FD33291AC79D0029DEA2 /* Main */ = {
			isa = PBXGroup;
			children = (
			);
			path = Main;
			sourceTree = "<group>";
		};
		7757701C291D977800DA331B /* Custom */ = {
			isa = PBXGroup;
			children = (
				77C0D98F291942E4008FDA83 /* CustomColor.swift */,
				77577018291D3A2700DA331B /* CustomTextField.swift */,
			);
			path = Custom;
			sourceTree = "<group>";
		};
		77C0D97C2919255E008FDA83 /* Model */ = {
			isa = PBXGroup;
			children = (
				7757701D291DE2DB00DA331B /* FirebaseAuthorization.swift */,
			);
			path = Model;
			sourceTree = "<group>";
		};
		77C0D97D29192562008FDA83 /* ViewModel */ = {
			isa = PBXGroup;
			children = (
				7737FD30291AC74B0029DEA2 /* OnBoarding */,
				7737FD31291AC7580029DEA2 /* Login */,
				7737FD32291AC7770029DEA2 /* SignUp */,
				7737FD33291AC79D0029DEA2 /* Main */,
			);
			path = ViewModel;
			sourceTree = "<group>";
		};
		77C0D97E29192565008FDA83 /* View */ = {
			isa = PBXGroup;
			children = (
				77C0D999291951CE008FDA83 /* OnBoarding */,
				77C0D99A291951EA008FDA83 /* Login */,
				7737FD2E291AC70E0029DEA2 /* SignUp */,
				7737FD2F291AC72C0029DEA2 /* Main */,
			);
			path = View;
			sourceTree = "<group>";
		};
		77C0D97F29192568008FDA83 /* Application */ = {
			isa = PBXGroup;
			children = (
				77145A6B291924490052B2FB /* SceneDelegate.swift */,
				77145A69291924490052B2FB /* AppDelegate.swift */,
				77145A742919244A0052B2FB /* LaunchScreen.storyboard */,
			);
			path = Application;
			sourceTree = "<group>";
		};
		77C0D9802919259C008FDA83 /* Assets */ = {
			isa = PBXGroup;
			children = (
				77C0D98C29193CA7008FDA83 /* SLPAssets.swift */,
				77145A722919244A0052B2FB /* Assets.xcassets */,
			);
			path = Assets;
			sourceTree = "<group>";
		};
		77C0D98E291942D8008FDA83 /* Extensions */ = {
			isa = PBXGroup;
			children = (
				77C0D9A329199970008FDA83 /* String.swift */,
				77577011291BD4D000DA331B /* UserDefaults.swift */,
			);
			path = Extensions;
			sourceTree = "<group>";
		};
		77C0D999291951CE008FDA83 /* OnBoarding */ = {
			isa = PBXGroup;
			children = (
				77145A6D291924490052B2FB /* OnBoardingPageViewController.swift */,
				77C0D98629192F16008FDA83 /* FirstOnBoardingViewController.swift */,
				77C0D98829192F28008FDA83 /* SecondOnBoardingViewController.swift */,
				77C0D98A29192F35008FDA83 /* ThirdOnBoardingViewController.swift */,
			);
			path = OnBoarding;
			sourceTree = "<group>";
		};
		77C0D99A291951EA008FDA83 /* Login */ = {
			isa = PBXGroup;
			children = (
				77C0D99529194F50008FDA83 /* LoginViewController.swift */,
				77C0D99F29198326008FDA83 /* CertificationViewController.swift */,
			);
			path = Login;
			sourceTree = "<group>";
		};
/* End PBXGroup section */

/* Begin PBXNativeTarget section */
		77145A65291924490052B2FB /* SLPProject */ = {
			isa = PBXNativeTarget;
			buildConfigurationList = 77145A7A2919244A0052B2FB /* Build configuration list for PBXNativeTarget "SLPProject" */;
			buildPhases = (
				77145A62291924490052B2FB /* Sources */,
				77145A63291924490052B2FB /* Frameworks */,
				77145A64291924490052B2FB /* Resources */,
			);
			buildRules = (
			);
			dependencies = (
			);
			name = SLPProject;
			packageProductDependencies = (
				77145A7E291924600052B2FB /* RxCocoa */,
				77145A80291924600052B2FB /* RxSwift */,
				77145A83291924690052B2FB /* Toast */,
				77C0D984291927B1008FDA83 /* SnapKit */,
				7737FD25291AA1380029DEA2 /* FirebaseAuth */,
			);
			productName = SLPProject;
			productReference = 77145A66291924490052B2FB /* SLPProject.app */;
			productType = "com.apple.product-type.application";
		};
/* End PBXNativeTarget section */

/* Begin PBXProject section */
		77145A5E291924490052B2FB /* Project object */ = {
			isa = PBXProject;
			attributes = {
				BuildIndependentTargetsInParallel = 1;
				LastSwiftUpdateCheck = 1410;
				LastUpgradeCheck = 1410;
				TargetAttributes = {
					77145A65291924490052B2FB = {
						CreatedOnToolsVersion = 14.1;
					};
				};
			};
			buildConfigurationList = 77145A61291924490052B2FB /* Build configuration list for PBXProject "SLPProject" */;
			compatibilityVersion = "Xcode 14.0";
			developmentRegion = en;
			hasScannedForEncodings = 0;
			knownRegions = (
				en,
				Base,
			);
			mainGroup = 77145A5D291924490052B2FB;
			packageReferences = (
				77145A7D291924600052B2FB /* XCRemoteSwiftPackageReference "RxSwift" */,
				77145A82291924690052B2FB /* XCRemoteSwiftPackageReference "Toast-Swift" */,
				77C0D983291927B1008FDA83 /* XCRemoteSwiftPackageReference "SnapKit" */,
				7737FD24291AA1380029DEA2 /* XCRemoteSwiftPackageReference "firebase-ios-sdk" */,
			);
			productRefGroup = 77145A67291924490052B2FB /* Products */;
			projectDirPath = "";
			projectRoot = "";
			targets = (
				77145A65291924490052B2FB /* SLPProject */,
			);
		};
/* End PBXProject section */

/* Begin PBXResourcesBuildPhase section */
		77145A64291924490052B2FB /* Resources */ = {
			isa = PBXResourcesBuildPhase;
			buildActionMask = 2147483647;
			files = (
				77145A762919244A0052B2FB /* LaunchScreen.storyboard in Resources */,
				77577014291BDA0800DA331B /* GoogleService-Info.plist in Resources */,
				77145A732919244A0052B2FB /* Assets.xcassets in Resources */,
			);
			runOnlyForDeploymentPostprocessing = 0;
		};
/* End PBXResourcesBuildPhase section */

/* Begin PBXSourcesBuildPhase section */
		77145A62291924490052B2FB /* Sources */ = {
			isa = PBXSourcesBuildPhase;
			buildActionMask = 2147483647;
			files = (
				77145A6E291924490052B2FB /* OnBoardingPageViewController.swift in Sources */,
				77C0D98D29193CA7008FDA83 /* SLPAssets.swift in Sources */,
				7737FD37291ACABD0029DEA2 /* BirthViewController.swift in Sources */,
				77C0D99829195118008FDA83 /* LoginViewModel.swift in Sources */,
				7737FD39291ACAC60029DEA2 /* BirthViewModel.swift in Sources */,
				77C0D99C2919754B008FDA83 /* MainViewController.swift in Sources */,
				77C0D9A229198AE7008FDA83 /* CertificationViewModel.swift in Sources */,
				77C0D98929192F28008FDA83 /* SecondOnBoardingViewController.swift in Sources */,
				77C0D9A029198326008FDA83 /* CertificationViewController.swift in Sources */,
				77577019291D3A2700DA331B /* CustomTextField.swift in Sources */,
				77145A6A291924490052B2FB /* AppDelegate.swift in Sources */,
				77C0D98B29192F35008FDA83 /* ThirdOnBoardingViewController.swift in Sources */,
				77145A6C291924490052B2FB /* SceneDelegate.swift in Sources */,
				77C0D9822919270D008FDA83 /* OnBoardingViewModel.swift in Sources */,
				7757701E291DE2DB00DA331B /* FirebaseAuthorization.swift in Sources */,
				77C0D98729192F16008FDA83 /* FirstOnBoardingViewController.swift in Sources */,
				77C0D99629194F50008FDA83 /* LoginViewController.swift in Sources */,
				7737FD35291AC8A50029DEA2 /* NickNameViewModel.swift in Sources */,
				7737FD41291ACB970029DEA2 /* GenderViewModel.swift in Sources */,
				7737FD3D291ACB690029DEA2 /* EmailViewModel.swift in Sources */,
				7737FD3F291ACB8E0029DEA2 /* GenderViewController.swift in Sources */,
				77C0D99E29197554008FDA83 /* NickNameViewController.swift in Sources */,
				77577012291BD4D000DA331B /* UserDefaults.swift in Sources */,
				77C0D9A429199970008FDA83 /* String.swift in Sources */,
				77C0D990291942E4008FDA83 /* CustomColor.swift in Sources */,
				7737FD3B291ACB4B0029DEA2 /* EmailViewController.swift in Sources */,
			);
			runOnlyForDeploymentPostprocessing = 0;
		};
/* End PBXSourcesBuildPhase section */

/* Begin PBXVariantGroup section */
		77145A742919244A0052B2FB /* LaunchScreen.storyboard */ = {
			isa = PBXVariantGroup;
			children = (
				77145A752919244A0052B2FB /* Base */,
			);
			name = LaunchScreen.storyboard;
			sourceTree = "<group>";
		};
/* End PBXVariantGroup section */

/* Begin XCBuildConfiguration section */
		77145A782919244A0052B2FB /* Debug */ = {
			isa = XCBuildConfiguration;
			buildSettings = {
				ALWAYS_SEARCH_USER_PATHS = NO;
				CLANG_ANALYZER_NONNULL = YES;
				CLANG_ANALYZER_NUMBER_OBJECT_CONVERSION = YES_AGGRESSIVE;
				CLANG_CXX_LANGUAGE_STANDARD = "gnu++20";
				CLANG_ENABLE_MODULES = YES;
				CLANG_ENABLE_OBJC_ARC = YES;
				CLANG_ENABLE_OBJC_WEAK = YES;
				CLANG_WARN_BLOCK_CAPTURE_AUTORELEASING = YES;
				CLANG_WARN_BOOL_CONVERSION = YES;
				CLANG_WARN_COMMA = YES;
				CLANG_WARN_CONSTANT_CONVERSION = YES;
				CLANG_WARN_DEPRECATED_OBJC_IMPLEMENTATIONS = YES;
				CLANG_WARN_DIRECT_OBJC_ISA_USAGE = YES_ERROR;
				CLANG_WARN_DOCUMENTATION_COMMENTS = YES;
				CLANG_WARN_EMPTY_BODY = YES;
				CLANG_WARN_ENUM_CONVERSION = YES;
				CLANG_WARN_INFINITE_RECURSION = YES;
				CLANG_WARN_INT_CONVERSION = YES;
				CLANG_WARN_NON_LITERAL_NULL_CONVERSION = YES;
				CLANG_WARN_OBJC_IMPLICIT_RETAIN_SELF = YES;
				CLANG_WARN_OBJC_LITERAL_CONVERSION = YES;
				CLANG_WARN_OBJC_ROOT_CLASS = YES_ERROR;
				CLANG_WARN_QUOTED_INCLUDE_IN_FRAMEWORK_HEADER = YES;
				CLANG_WARN_RANGE_LOOP_ANALYSIS = YES;
				CLANG_WARN_STRICT_PROTOTYPES = YES;
				CLANG_WARN_SUSPICIOUS_MOVE = YES;
				CLANG_WARN_UNGUARDED_AVAILABILITY = YES_AGGRESSIVE;
				CLANG_WARN_UNREACHABLE_CODE = YES;
				CLANG_WARN__DUPLICATE_METHOD_MATCH = YES;
				COPY_PHASE_STRIP = NO;
				DEBUG_INFORMATION_FORMAT = dwarf;
				ENABLE_STRICT_OBJC_MSGSEND = YES;
				ENABLE_TESTABILITY = YES;
				GCC_C_LANGUAGE_STANDARD = gnu11;
				GCC_DYNAMIC_NO_PIC = NO;
				GCC_NO_COMMON_BLOCKS = YES;
				GCC_OPTIMIZATION_LEVEL = 0;
				GCC_PREPROCESSOR_DEFINITIONS = (
					"DEBUG=1",
					"$(inherited)",
				);
				GCC_WARN_64_TO_32_BIT_CONVERSION = YES;
				GCC_WARN_ABOUT_RETURN_TYPE = YES_ERROR;
				GCC_WARN_UNDECLARED_SELECTOR = YES;
				GCC_WARN_UNINITIALIZED_AUTOS = YES_AGGRESSIVE;
				GCC_WARN_UNUSED_FUNCTION = YES;
				GCC_WARN_UNUSED_VARIABLE = YES;
				IPHONEOS_DEPLOYMENT_TARGET = 15.0;
				MTL_ENABLE_DEBUG_INFO = INCLUDE_SOURCE;
				MTL_FAST_MATH = YES;
				ONLY_ACTIVE_ARCH = YES;
				SDKROOT = iphoneos;
				SWIFT_ACTIVE_COMPILATION_CONDITIONS = DEBUG;
				SWIFT_OPTIMIZATION_LEVEL = "-Onone";
			};
			name = Debug;
		};
		77145A792919244A0052B2FB /* Release */ = {
			isa = XCBuildConfiguration;
			buildSettings = {
				ALWAYS_SEARCH_USER_PATHS = NO;
				CLANG_ANALYZER_NONNULL = YES;
				CLANG_ANALYZER_NUMBER_OBJECT_CONVERSION = YES_AGGRESSIVE;
				CLANG_CXX_LANGUAGE_STANDARD = "gnu++20";
				CLANG_ENABLE_MODULES = YES;
				CLANG_ENABLE_OBJC_ARC = YES;
				CLANG_ENABLE_OBJC_WEAK = YES;
				CLANG_WARN_BLOCK_CAPTURE_AUTORELEASING = YES;
				CLANG_WARN_BOOL_CONVERSION = YES;
				CLANG_WARN_COMMA = YES;
				CLANG_WARN_CONSTANT_CONVERSION = YES;
				CLANG_WARN_DEPRECATED_OBJC_IMPLEMENTATIONS = YES;
				CLANG_WARN_DIRECT_OBJC_ISA_USAGE = YES_ERROR;
				CLANG_WARN_DOCUMENTATION_COMMENTS = YES;
				CLANG_WARN_EMPTY_BODY = YES;
				CLANG_WARN_ENUM_CONVERSION = YES;
				CLANG_WARN_INFINITE_RECURSION = YES;
				CLANG_WARN_INT_CONVERSION = YES;
				CLANG_WARN_NON_LITERAL_NULL_CONVERSION = YES;
				CLANG_WARN_OBJC_IMPLICIT_RETAIN_SELF = YES;
				CLANG_WARN_OBJC_LITERAL_CONVERSION = YES;
				CLANG_WARN_OBJC_ROOT_CLASS = YES_ERROR;
				CLANG_WARN_QUOTED_INCLUDE_IN_FRAMEWORK_HEADER = YES;
				CLANG_WARN_RANGE_LOOP_ANALYSIS = YES;
				CLANG_WARN_STRICT_PROTOTYPES = YES;
				CLANG_WARN_SUSPICIOUS_MOVE = YES;
				CLANG_WARN_UNGUARDED_AVAILABILITY = YES_AGGRESSIVE;
				CLANG_WARN_UNREACHABLE_CODE = YES;
				CLANG_WARN__DUPLICATE_METHOD_MATCH = YES;
				COPY_PHASE_STRIP = NO;
				DEBUG_INFORMATION_FORMAT = "dwarf-with-dsym";
				ENABLE_NS_ASSERTIONS = NO;
				ENABLE_STRICT_OBJC_MSGSEND = YES;
				GCC_C_LANGUAGE_STANDARD = gnu11;
				GCC_NO_COMMON_BLOCKS = YES;
				GCC_WARN_64_TO_32_BIT_CONVERSION = YES;
				GCC_WARN_ABOUT_RETURN_TYPE = YES_ERROR;
				GCC_WARN_UNDECLARED_SELECTOR = YES;
				GCC_WARN_UNINITIALIZED_AUTOS = YES_AGGRESSIVE;
				GCC_WARN_UNUSED_FUNCTION = YES;
				GCC_WARN_UNUSED_VARIABLE = YES;
				IPHONEOS_DEPLOYMENT_TARGET = 15.0;
				MTL_ENABLE_DEBUG_INFO = NO;
				MTL_FAST_MATH = YES;
				SDKROOT = iphoneos;
				SWIFT_COMPILATION_MODE = wholemodule;
				SWIFT_OPTIMIZATION_LEVEL = "-O";
				VALIDATE_PRODUCT = YES;
			};
			name = Release;
		};
		77145A7B2919244A0052B2FB /* Debug */ = {
			isa = XCBuildConfiguration;
			buildSettings = {
				ASSETCATALOG_COMPILER_APPICON_NAME = AppIcon;
				ASSETCATALOG_COMPILER_GLOBAL_ACCENT_COLOR_NAME = AccentColor;
				CODE_SIGN_ENTITLEMENTS = SLPProject/SLPProjectDebug.entitlements;
				CODE_SIGN_IDENTITY = "Apple Development";
				CODE_SIGN_STYLE = Automatic;
				CURRENT_PROJECT_VERSION = 1;
				DEVELOPMENT_TEAM = 682X55S89X;
				GENERATE_INFOPLIST_FILE = YES;
				INFOPLIST_FILE = SLPProject/Info.plist;
				INFOPLIST_KEY_UIApplicationSupportsIndirectInputEvents = YES;
				INFOPLIST_KEY_UILaunchStoryboardName = LaunchScreen;
				INFOPLIST_KEY_UISupportedInterfaceOrientations_iPad = "UIInterfaceOrientationPortrait UIInterfaceOrientationPortraitUpsideDown UIInterfaceOrientationLandscapeLeft UIInterfaceOrientationLandscapeRight";
				INFOPLIST_KEY_UISupportedInterfaceOrientations_iPhone = "UIInterfaceOrientationPortrait UIInterfaceOrientationLandscapeLeft UIInterfaceOrientationLandscapeRight";
				LD_RUNPATH_SEARCH_PATHS = (
					"$(inherited)",
					"@executable_path/Frameworks",
				);
				MARKETING_VERSION = 1.0;
				PRODUCT_BUNDLE_IDENTIFIER = com.memolease.sesacslp;
				PRODUCT_NAME = "$(TARGET_NAME)";
				PROVISIONING_PROFILE_SPECIFIER = "";
				SWIFT_EMIT_LOC_STRINGS = YES;
				SWIFT_VERSION = 5.0;
				TARGETED_DEVICE_FAMILY = "1,2";
			};
			name = Debug;
		};
		77145A7C2919244A0052B2FB /* Release */ = {
			isa = XCBuildConfiguration;
			buildSettings = {
				ASSETCATALOG_COMPILER_APPICON_NAME = AppIcon;
				ASSETCATALOG_COMPILER_GLOBAL_ACCENT_COLOR_NAME = AccentColor;
				CODE_SIGN_ENTITLEMENTS = SLPProject/SLPProject.entitlements;
				CODE_SIGN_STYLE = Automatic;
				CURRENT_PROJECT_VERSION = 1;
				DEVELOPMENT_TEAM = 682X55S89X;
				GENERATE_INFOPLIST_FILE = YES;
				INFOPLIST_FILE = SLPProject/Info.plist;
				INFOPLIST_KEY_UIApplicationSupportsIndirectInputEvents = YES;
				INFOPLIST_KEY_UILaunchStoryboardName = LaunchScreen;
				INFOPLIST_KEY_UISupportedInterfaceOrientations_iPad = "UIInterfaceOrientationPortrait UIInterfaceOrientationPortraitUpsideDown UIInterfaceOrientationLandscapeLeft UIInterfaceOrientationLandscapeRight";
				INFOPLIST_KEY_UISupportedInterfaceOrientations_iPhone = "UIInterfaceOrientationPortrait UIInterfaceOrientationLandscapeLeft UIInterfaceOrientationLandscapeRight";
				LD_RUNPATH_SEARCH_PATHS = (
					"$(inherited)",
					"@executable_path/Frameworks",
				);
				MARKETING_VERSION = 1.0;
				PRODUCT_BUNDLE_IDENTIFIER = com.memolease.sesacslp;
				PRODUCT_NAME = "$(TARGET_NAME)";
				SWIFT_EMIT_LOC_STRINGS = YES;
				SWIFT_VERSION = 5.0;
				TARGETED_DEVICE_FAMILY = "1,2";
			};
			name = Release;
		};
/* End XCBuildConfiguration section */

/* Begin XCConfigurationList section */
		77145A61291924490052B2FB /* Build configuration list for PBXProject "SLPProject" */ = {
			isa = XCConfigurationList;
			buildConfigurations = (
				77145A782919244A0052B2FB /* Debug */,
				77145A792919244A0052B2FB /* Release */,
			);
			defaultConfigurationIsVisible = 0;
			defaultConfigurationName = Release;
		};
		77145A7A2919244A0052B2FB /* Build configuration list for PBXNativeTarget "SLPProject" */ = {
			isa = XCConfigurationList;
			buildConfigurations = (
				77145A7B2919244A0052B2FB /* Debug */,
				77145A7C2919244A0052B2FB /* Release */,
			);
			defaultConfigurationIsVisible = 0;
			defaultConfigurationName = Release;
		};
/* End XCConfigurationList section */

/* Begin XCRemoteSwiftPackageReference section */
		77145A7D291924600052B2FB /* XCRemoteSwiftPackageReference "RxSwift" */ = {
			isa = XCRemoteSwiftPackageReference;
			repositoryURL = "https://github.com/ReactiveX/RxSwift.git";
			requirement = {
				branch = main;
				kind = branch;
			};
		};
		77145A82291924690052B2FB /* XCRemoteSwiftPackageReference "Toast-Swift" */ = {
			isa = XCRemoteSwiftPackageReference;
			repositoryURL = "https://github.com/scalessec/Toast-Swift.git";
			requirement = {
				branch = master;
				kind = branch;
			};
		};
		7737FD24291AA1380029DEA2 /* XCRemoteSwiftPackageReference "firebase-ios-sdk" */ = {
			isa = XCRemoteSwiftPackageReference;
			repositoryURL = "https://github.com/firebase/firebase-ios-sdk";
			requirement = {
				branch = master;
				kind = branch;
			};
		};
		77C0D983291927B1008FDA83 /* XCRemoteSwiftPackageReference "SnapKit" */ = {
			isa = XCRemoteSwiftPackageReference;
			repositoryURL = "https://github.com/SnapKit/SnapKit.git";
			requirement = {
				kind = upToNextMajorVersion;
				minimumVersion = 5.0.0;
			};
		};
/* End XCRemoteSwiftPackageReference section */

/* Begin XCSwiftPackageProductDependency section */
		77145A7E291924600052B2FB /* RxCocoa */ = {
			isa = XCSwiftPackageProductDependency;
			package = 77145A7D291924600052B2FB /* XCRemoteSwiftPackageReference "RxSwift" */;
			productName = RxCocoa;
		};
		77145A80291924600052B2FB /* RxSwift */ = {
			isa = XCSwiftPackageProductDependency;
			package = 77145A7D291924600052B2FB /* XCRemoteSwiftPackageReference "RxSwift" */;
			productName = RxSwift;
		};
		77145A83291924690052B2FB /* Toast */ = {
			isa = XCSwiftPackageProductDependency;
			package = 77145A82291924690052B2FB /* XCRemoteSwiftPackageReference "Toast-Swift" */;
			productName = Toast;
		};
		7737FD25291AA1380029DEA2 /* FirebaseAuth */ = {
			isa = XCSwiftPackageProductDependency;
			package = 7737FD24291AA1380029DEA2 /* XCRemoteSwiftPackageReference "firebase-ios-sdk" */;
			productName = FirebaseAuth;
		};
		77C0D984291927B1008FDA83 /* SnapKit */ = {
			isa = XCSwiftPackageProductDependency;
			package = 77C0D983291927B1008FDA83 /* XCRemoteSwiftPackageReference "SnapKit" */;
			productName = SnapKit;
		};
/* End XCSwiftPackageProductDependency section */
	};
	rootObject = 77145A5E291924490052B2FB /* Project object */;
}
