// !$*UTF8*$!
{
	archiveVersion = 1;
	classes = {
	};
	objectVersion = 56;
	objects = {

/* Begin PBXBuildFile section */
		77145A6A291924490052B2FB /* AppDelegate.swift in Sources */ = {isa = PBXBuildFile; fileRef = 77145A69291924490052B2FB /* AppDelegate.swift */; };
		77145A6C291924490052B2FB /* SceneDelegate.swift in Sources */ = {isa = PBXBuildFile; fileRef = 77145A6B291924490052B2FB /* SceneDelegate.swift */; };
		77145A6E291924490052B2FB /* OnBoardingPageViewController.swift in Sources */ = {isa = PBXBuildFile; fileRef = 77145A6D291924490052B2FB /* OnBoardingPageViewController.swift */; };
		77145A732919244A0052B2FB /* Assets.xcassets in Resources */ = {isa = PBXBuildFile; fileRef = 77145A722919244A0052B2FB /* Assets.xcassets */; };
		77145A762919244A0052B2FB /* LaunchScreen.storyboard in Resources */ = {isa = PBXBuildFile; fileRef = 77145A742919244A0052B2FB /* LaunchScreen.storyboard */; };
		77145A84291924690052B2FB /* Toast in Frameworks */ = {isa = PBXBuildFile; productRef = 77145A83291924690052B2FB /* Toast */; };
		77217A0D2921DD8B000DC6CE /* DoubleSlider in Frameworks */ = {isa = PBXBuildFile; productRef = 77217A0C2921DD8B000DC6CE /* DoubleSlider */; };
		77217A0F29229525000DC6CE /* HomeTabViewController.swift in Sources */ = {isa = PBXBuildFile; fileRef = 77217A0E29229525000DC6CE /* HomeTabViewController.swift */; };
		77217A1129229537000DC6CE /* SeSACShopViewController.swift in Sources */ = {isa = PBXBuildFile; fileRef = 77217A1029229537000DC6CE /* SeSACShopViewController.swift */; };
		77217A1329229545000DC6CE /* SeSACFriendViewController.swift in Sources */ = {isa = PBXBuildFile; fileRef = 77217A1229229545000DC6CE /* SeSACFriendViewController.swift */; };
		77217A1529229550000DC6CE /* MyInfoViewController.swift in Sources */ = {isa = PBXBuildFile; fileRef = 77217A1429229550000DC6CE /* MyInfoViewController.swift */; };
		77217A1B2922A3B8000DC6CE /* MyInfoTableViewCell.swift in Sources */ = {isa = PBXBuildFile; fileRef = 77217A1A2922A3B8000DC6CE /* MyInfoTableViewCell.swift */; };
		77217A1D2922A903000DC6CE /* MyInfoViewModel.swift in Sources */ = {isa = PBXBuildFile; fileRef = 77217A1C2922A903000DC6CE /* MyInfoViewModel.swift */; };
		77217A202922ADF7000DC6CE /* RxCocoa in Frameworks */ = {isa = PBXBuildFile; productRef = 77217A1F2922ADF7000DC6CE /* RxCocoa */; };
		77217A222922ADF7000DC6CE /* RxSwift in Frameworks */ = {isa = PBXBuildFile; productRef = 77217A212922ADF7000DC6CE /* RxSwift */; };
		77217A252922AE21000DC6CE /* Differentiator in Frameworks */ = {isa = PBXBuildFile; productRef = 77217A242922AE21000DC6CE /* Differentiator */; };
		77217A272922AE21000DC6CE /* RxDataSources in Frameworks */ = {isa = PBXBuildFile; productRef = 77217A262922AE21000DC6CE /* RxDataSources */; };
		77217A2C2922B0B0000DC6CE /* MyInfoTableModel.swift in Sources */ = {isa = PBXBuildFile; fileRef = 77217A2B2922B0B0000DC6CE /* MyInfoTableModel.swift */; };
		77217A302922DFC3000DC6CE /* MySecondInfoViewController.swift in Sources */ = {isa = PBXBuildFile; fileRef = 77217A2F2922DFC3000DC6CE /* MySecondInfoViewController.swift */; };
		77217A342923DB42000DC6CE /* MySecondInfoTableViewCell.swift in Sources */ = {isa = PBXBuildFile; fileRef = 77217A332923DB42000DC6CE /* MySecondInfoTableViewCell.swift */; };
		77217A362923EAA1000DC6CE /* MySecondInfoTableModel.swift in Sources */ = {isa = PBXBuildFile; fileRef = 77217A352923EAA1000DC6CE /* MySecondInfoTableModel.swift */; };
		77217A3A292684E2000DC6CE /* HomeTabViewModel.swift in Sources */ = {isa = PBXBuildFile; fileRef = 77217A39292684E2000DC6CE /* HomeTabViewModel.swift */; };
		77217A3C29269761000DC6CE /* UserLocationModel.swift in Sources */ = {isa = PBXBuildFile; fileRef = 77217A3B29269761000DC6CE /* UserLocationModel.swift */; };
		77217A3E29269777000DC6CE /* UserSearchModel.swift in Sources */ = {isa = PBXBuildFile; fileRef = 77217A3D29269777000DC6CE /* UserSearchModel.swift */; };
		77217A402926AE95000DC6CE /* QueueStateError.swift in Sources */ = {isa = PBXBuildFile; fileRef = 77217A3F2926AE95000DC6CE /* QueueStateError.swift */; };
		77217A432926CA9B000DC6CE /* RxMKMapView in Frameworks */ = {isa = PBXBuildFile; productRef = 77217A422926CA9B000DC6CE /* RxMKMapView */; };
		7737FD35291AC8A50029DEA2 /* NickNameViewModel.swift in Sources */ = {isa = PBXBuildFile; fileRef = 7737FD34291AC8A50029DEA2 /* NickNameViewModel.swift */; };
		7737FD37291ACABD0029DEA2 /* BirthViewController.swift in Sources */ = {isa = PBXBuildFile; fileRef = 7737FD36291ACABD0029DEA2 /* BirthViewController.swift */; };
		7737FD39291ACAC60029DEA2 /* BirthViewModel.swift in Sources */ = {isa = PBXBuildFile; fileRef = 7737FD38291ACAC60029DEA2 /* BirthViewModel.swift */; };
		7737FD3B291ACB4B0029DEA2 /* EmailViewController.swift in Sources */ = {isa = PBXBuildFile; fileRef = 7737FD3A291ACB4B0029DEA2 /* EmailViewController.swift */; };
		7737FD3D291ACB690029DEA2 /* EmailViewModel.swift in Sources */ = {isa = PBXBuildFile; fileRef = 7737FD3C291ACB690029DEA2 /* EmailViewModel.swift */; };
		7737FD3F291ACB8E0029DEA2 /* GenderViewController.swift in Sources */ = {isa = PBXBuildFile; fileRef = 7737FD3E291ACB8E0029DEA2 /* GenderViewController.swift */; };
		7737FD41291ACB970029DEA2 /* GenderViewModel.swift in Sources */ = {isa = PBXBuildFile; fileRef = 7737FD40291ACB970029DEA2 /* GenderViewModel.swift */; };
		7744A34A291FB83B00A065C8 /* SLPTarget.swift in Sources */ = {isa = PBXBuildFile; fileRef = 7744A349291FB83B00A065C8 /* SLPTarget.swift */; };
		7744A34D291FB8A500A065C8 /* Moya in Frameworks */ = {isa = PBXBuildFile; productRef = 7744A34C291FB8A500A065C8 /* Moya */; };
		7744A34F291FBA9000A065C8 /* APIURL.swift in Sources */ = {isa = PBXBuildFile; fileRef = 7744A34E291FBA9000A065C8 /* APIURL.swift */; };
		7744A353291FBD5A00A065C8 /* LoginError.swift in Sources */ = {isa = PBXBuildFile; fileRef = 7744A352291FBD5A00A065C8 /* LoginError.swift */; };
		7744A355291FBD6600A065C8 /* SignUpError.swift in Sources */ = {isa = PBXBuildFile; fileRef = 7744A354291FBD6600A065C8 /* SignUpError.swift */; };
		7744A357291FBD7300A065C8 /* WithdrawError.swift in Sources */ = {isa = PBXBuildFile; fileRef = 7744A356291FBD7300A065C8 /* WithdrawError.swift */; };
		7744A359291FBD8600A065C8 /* UpdateFcmTokenError.swift in Sources */ = {isa = PBXBuildFile; fileRef = 7744A358291FBD8600A065C8 /* UpdateFcmTokenError.swift */; };
		7744A35C291FC32600A065C8 /* UserInfo.swift in Sources */ = {isa = PBXBuildFile; fileRef = 7744A35B291FC32600A065C8 /* UserInfo.swift */; };
		7744A35F291FDD3F00A065C8 /* FirebaseAuth in Frameworks */ = {isa = PBXBuildFile; productRef = 7744A35E291FDD3F00A065C8 /* FirebaseAuth */; };
		7744A361291FDD3F00A065C8 /* FirebaseMessaging in Frameworks */ = {isa = PBXBuildFile; productRef = 7744A360291FDD3F00A065C8 /* FirebaseMessaging */; };
		7744A3632920013D00A065C8 /* UIViewController+Extension.swift in Sources */ = {isa = PBXBuildFile; fileRef = 7744A3622920013D00A065C8 /* UIViewController+Extension.swift */; };
		7744A3652920048000A065C8 /* UINavigationViewController+Extensions.swift in Sources */ = {isa = PBXBuildFile; fileRef = 7744A3642920048000A065C8 /* UINavigationViewController+Extensions.swift */; };
		7744A36729200B0800A065C8 /* UserLoginInfo.swift in Sources */ = {isa = PBXBuildFile; fileRef = 7744A36629200B0800A065C8 /* UserLoginInfo.swift */; };
		7744A36A2920F75E00A065C8 /* InitialViewController.swift in Sources */ = {isa = PBXBuildFile; fileRef = 7744A3692920F75E00A065C8 /* InitialViewController.swift */; };
		7744A36D2920F77E00A065C8 /* InitialViewModel.swift in Sources */ = {isa = PBXBuildFile; fileRef = 7744A36C2920F77E00A065C8 /* InitialViewModel.swift */; };
		7744A370292105CE00A065C8 /* NetworkReachability.swift in Sources */ = {isa = PBXBuildFile; fileRef = 7744A36F292105CE00A065C8 /* NetworkReachability.swift */; };
		7744A37429210F0B00A065C8 /* APIService.swift in Sources */ = {isa = PBXBuildFile; fileRef = 7744A37329210F0B00A065C8 /* APIService.swift */; };
		77577012291BD4D000DA331B /* UserDefaults.swift in Sources */ = {isa = PBXBuildFile; fileRef = 77577011291BD4D000DA331B /* UserDefaults.swift */; };
		77577014291BDA0800DA331B /* GoogleService-Info.plist in Resources */ = {isa = PBXBuildFile; fileRef = 77577013291BDA0800DA331B /* GoogleService-Info.plist */; };
		77577019291D3A2700DA331B /* CustomTextField.swift in Sources */ = {isa = PBXBuildFile; fileRef = 77577018291D3A2700DA331B /* CustomTextField.swift */; };
		7757701E291DE2DB00DA331B /* FirebaseAuthorization.swift in Sources */ = {isa = PBXBuildFile; fileRef = 7757701D291DE2DB00DA331B /* FirebaseAuthorization.swift */; };
		77577020291EC19E00DA331B /* CustomButton.swift in Sources */ = {isa = PBXBuildFile; fileRef = 7757701F291EC19E00DA331B /* CustomButton.swift */; };
		77C0D9822919270D008FDA83 /* OnBoardingViewModel.swift in Sources */ = {isa = PBXBuildFile; fileRef = 77C0D9812919270D008FDA83 /* OnBoardingViewModel.swift */; };
		77C0D985291927B1008FDA83 /* SnapKit in Frameworks */ = {isa = PBXBuildFile; productRef = 77C0D984291927B1008FDA83 /* SnapKit */; };
		77C0D98729192F16008FDA83 /* FirstOnBoardingViewController.swift in Sources */ = {isa = PBXBuildFile; fileRef = 77C0D98629192F16008FDA83 /* FirstOnBoardingViewController.swift */; };
		77C0D98929192F28008FDA83 /* SecondOnBoardingViewController.swift in Sources */ = {isa = PBXBuildFile; fileRef = 77C0D98829192F28008FDA83 /* SecondOnBoardingViewController.swift */; };
		77C0D98B29192F35008FDA83 /* ThirdOnBoardingViewController.swift in Sources */ = {isa = PBXBuildFile; fileRef = 77C0D98A29192F35008FDA83 /* ThirdOnBoardingViewController.swift */; };
		77C0D98D29193CA7008FDA83 /* SLPAssets.swift in Sources */ = {isa = PBXBuildFile; fileRef = 77C0D98C29193CA7008FDA83 /* SLPAssets.swift */; };
		77C0D990291942E4008FDA83 /* CustomColor.swift in Sources */ = {isa = PBXBuildFile; fileRef = 77C0D98F291942E4008FDA83 /* CustomColor.swift */; };
		77C0D99629194F50008FDA83 /* LoginViewController.swift in Sources */ = {isa = PBXBuildFile; fileRef = 77C0D99529194F50008FDA83 /* LoginViewController.swift */; };
		77C0D99829195118008FDA83 /* LoginViewModel.swift in Sources */ = {isa = PBXBuildFile; fileRef = 77C0D99729195118008FDA83 /* LoginViewModel.swift */; };
		77C0D99C2919754B008FDA83 /* MainTabViewController.swift in Sources */ = {isa = PBXBuildFile; fileRef = 77C0D99B2919754B008FDA83 /* MainTabViewController.swift */; };
		77C0D99E29197554008FDA83 /* NickNameViewController.swift in Sources */ = {isa = PBXBuildFile; fileRef = 77C0D99D29197554008FDA83 /* NickNameViewController.swift */; };
		77C0D9A029198326008FDA83 /* CertificationViewController.swift in Sources */ = {isa = PBXBuildFile; fileRef = 77C0D99F29198326008FDA83 /* CertificationViewController.swift */; };
		77C0D9A229198AE7008FDA83 /* CertificationViewModel.swift in Sources */ = {isa = PBXBuildFile; fileRef = 77C0D9A129198AE7008FDA83 /* CertificationViewModel.swift */; };
		77C0D9A429199970008FDA83 /* String.swift in Sources */ = {isa = PBXBuildFile; fileRef = 77C0D9A329199970008FDA83 /* String.swift */; };
/* End PBXBuildFile section */

/* Begin PBXFileReference section */
		77145A66291924490052B2FB /* SLPProject.app */ = {isa = PBXFileReference; explicitFileType = wrapper.application; includeInIndex = 0; path = SLPProject.app; sourceTree = BUILT_PRODUCTS_DIR; };
		77145A69291924490052B2FB /* AppDelegate.swift */ = {isa = PBXFileReference; lastKnownFileType = sourcecode.swift; path = AppDelegate.swift; sourceTree = "<group>"; };
		77145A6B291924490052B2FB /* SceneDelegate.swift */ = {isa = PBXFileReference; lastKnownFileType = sourcecode.swift; path = SceneDelegate.swift; sourceTree = "<group>"; };
		77145A6D291924490052B2FB /* OnBoardingPageViewController.swift */ = {isa = PBXFileReference; lastKnownFileType = sourcecode.swift; path = OnBoardingPageViewController.swift; sourceTree = "<group>"; };
		77145A722919244A0052B2FB /* Assets.xcassets */ = {isa = PBXFileReference; lastKnownFileType = folder.assetcatalog; path = Assets.xcassets; sourceTree = "<group>"; };
		77145A752919244A0052B2FB /* Base */ = {isa = PBXFileReference; lastKnownFileType = file.storyboard; name = Base; path = Base.lproj/LaunchScreen.storyboard; sourceTree = "<group>"; };
		77145A772919244A0052B2FB /* Info.plist */ = {isa = PBXFileReference; lastKnownFileType = text.plist.xml; path = Info.plist; sourceTree = "<group>"; };
		77217A0E29229525000DC6CE /* HomeTabViewController.swift */ = {isa = PBXFileReference; lastKnownFileType = sourcecode.swift; path = HomeTabViewController.swift; sourceTree = "<group>"; };
		77217A1029229537000DC6CE /* SeSACShopViewController.swift */ = {isa = PBXFileReference; lastKnownFileType = sourcecode.swift; path = SeSACShopViewController.swift; sourceTree = "<group>"; };
		77217A1229229545000DC6CE /* SeSACFriendViewController.swift */ = {isa = PBXFileReference; lastKnownFileType = sourcecode.swift; path = SeSACFriendViewController.swift; sourceTree = "<group>"; };
		77217A1429229550000DC6CE /* MyInfoViewController.swift */ = {isa = PBXFileReference; lastKnownFileType = sourcecode.swift; path = MyInfoViewController.swift; sourceTree = "<group>"; };
		77217A1A2922A3B8000DC6CE /* MyInfoTableViewCell.swift */ = {isa = PBXFileReference; lastKnownFileType = sourcecode.swift; path = MyInfoTableViewCell.swift; sourceTree = "<group>"; };
		77217A1C2922A903000DC6CE /* MyInfoViewModel.swift */ = {isa = PBXFileReference; lastKnownFileType = sourcecode.swift; path = MyInfoViewModel.swift; sourceTree = "<group>"; };
		77217A2B2922B0B0000DC6CE /* MyInfoTableModel.swift */ = {isa = PBXFileReference; lastKnownFileType = sourcecode.swift; path = MyInfoTableModel.swift; sourceTree = "<group>"; };
		77217A2F2922DFC3000DC6CE /* MySecondInfoViewController.swift */ = {isa = PBXFileReference; lastKnownFileType = sourcecode.swift; path = MySecondInfoViewController.swift; sourceTree = "<group>"; };
		77217A332923DB42000DC6CE /* MySecondInfoTableViewCell.swift */ = {isa = PBXFileReference; lastKnownFileType = sourcecode.swift; path = MySecondInfoTableViewCell.swift; sourceTree = "<group>"; };
		77217A352923EAA1000DC6CE /* MySecondInfoTableModel.swift */ = {isa = PBXFileReference; lastKnownFileType = sourcecode.swift; path = MySecondInfoTableModel.swift; sourceTree = "<group>"; };
		77217A39292684E2000DC6CE /* HomeTabViewModel.swift */ = {isa = PBXFileReference; lastKnownFileType = sourcecode.swift; path = HomeTabViewModel.swift; sourceTree = "<group>"; };
		77217A3B29269761000DC6CE /* UserLocationModel.swift */ = {isa = PBXFileReference; lastKnownFileType = sourcecode.swift; path = UserLocationModel.swift; sourceTree = "<group>"; };
		77217A3D29269777000DC6CE /* UserSearchModel.swift */ = {isa = PBXFileReference; lastKnownFileType = sourcecode.swift; path = UserSearchModel.swift; sourceTree = "<group>"; };
		77217A3F2926AE95000DC6CE /* QueueStateError.swift */ = {isa = PBXFileReference; lastKnownFileType = sourcecode.swift; path = QueueStateError.swift; sourceTree = "<group>"; };
		7737FD23291A9C830029DEA2 /* SLPProjectDebug.entitlements */ = {isa = PBXFileReference; lastKnownFileType = text.plist.entitlements; path = SLPProjectDebug.entitlements; sourceTree = "<group>"; };
		7737FD34291AC8A50029DEA2 /* NickNameViewModel.swift */ = {isa = PBXFileReference; lastKnownFileType = sourcecode.swift; path = NickNameViewModel.swift; sourceTree = "<group>"; };
		7737FD36291ACABD0029DEA2 /* BirthViewController.swift */ = {isa = PBXFileReference; lastKnownFileType = sourcecode.swift; path = BirthViewController.swift; sourceTree = "<group>"; };
		7737FD38291ACAC60029DEA2 /* BirthViewModel.swift */ = {isa = PBXFileReference; lastKnownFileType = sourcecode.swift; path = BirthViewModel.swift; sourceTree = "<group>"; };
		7737FD3A291ACB4B0029DEA2 /* EmailViewController.swift */ = {isa = PBXFileReference; lastKnownFileType = sourcecode.swift; path = EmailViewController.swift; sourceTree = "<group>"; };
		7737FD3C291ACB690029DEA2 /* EmailViewModel.swift */ = {isa = PBXFileReference; lastKnownFileType = sourcecode.swift; path = EmailViewModel.swift; sourceTree = "<group>"; };
		7737FD3E291ACB8E0029DEA2 /* GenderViewController.swift */ = {isa = PBXFileReference; lastKnownFileType = sourcecode.swift; path = GenderViewController.swift; sourceTree = "<group>"; };
		7737FD40291ACB970029DEA2 /* GenderViewModel.swift */ = {isa = PBXFileReference; lastKnownFileType = sourcecode.swift; path = GenderViewModel.swift; sourceTree = "<group>"; };
		7744A349291FB83B00A065C8 /* SLPTarget.swift */ = {isa = PBXFileReference; lastKnownFileType = sourcecode.swift; path = SLPTarget.swift; sourceTree = "<group>"; };
		7744A34E291FBA9000A065C8 /* APIURL.swift */ = {isa = PBXFileReference; lastKnownFileType = sourcecode.swift; path = APIURL.swift; sourceTree = "<group>"; };
		7744A352291FBD5A00A065C8 /* LoginError.swift */ = {isa = PBXFileReference; lastKnownFileType = sourcecode.swift; path = LoginError.swift; sourceTree = "<group>"; };
		7744A354291FBD6600A065C8 /* SignUpError.swift */ = {isa = PBXFileReference; lastKnownFileType = sourcecode.swift; path = SignUpError.swift; sourceTree = "<group>"; };
		7744A356291FBD7300A065C8 /* WithdrawError.swift */ = {isa = PBXFileReference; lastKnownFileType = sourcecode.swift; path = WithdrawError.swift; sourceTree = "<group>"; };
		7744A358291FBD8600A065C8 /* UpdateFcmTokenError.swift */ = {isa = PBXFileReference; lastKnownFileType = sourcecode.swift; path = UpdateFcmTokenError.swift; sourceTree = "<group>"; };
		7744A35B291FC32600A065C8 /* UserInfo.swift */ = {isa = PBXFileReference; lastKnownFileType = sourcecode.swift; path = UserInfo.swift; sourceTree = "<group>"; };
		7744A3622920013D00A065C8 /* UIViewController+Extension.swift */ = {isa = PBXFileReference; lastKnownFileType = sourcecode.swift; path = "UIViewController+Extension.swift"; sourceTree = "<group>"; };
		7744A3642920048000A065C8 /* UINavigationViewController+Extensions.swift */ = {isa = PBXFileReference; lastKnownFileType = sourcecode.swift; path = "UINavigationViewController+Extensions.swift"; sourceTree = "<group>"; };
		7744A36629200B0800A065C8 /* UserLoginInfo.swift */ = {isa = PBXFileReference; lastKnownFileType = sourcecode.swift; path = UserLoginInfo.swift; sourceTree = "<group>"; };
		7744A3692920F75E00A065C8 /* InitialViewController.swift */ = {isa = PBXFileReference; lastKnownFileType = sourcecode.swift; path = InitialViewController.swift; sourceTree = "<group>"; };
		7744A36C2920F77E00A065C8 /* InitialViewModel.swift */ = {isa = PBXFileReference; lastKnownFileType = sourcecode.swift; path = InitialViewModel.swift; sourceTree = "<group>"; };
		7744A36F292105CE00A065C8 /* NetworkReachability.swift */ = {isa = PBXFileReference; lastKnownFileType = sourcecode.swift; path = NetworkReachability.swift; sourceTree = "<group>"; };
		7744A37329210F0B00A065C8 /* APIService.swift */ = {isa = PBXFileReference; lastKnownFileType = sourcecode.swift; path = APIService.swift; sourceTree = "<group>"; };
		77577011291BD4D000DA331B /* UserDefaults.swift */ = {isa = PBXFileReference; lastKnownFileType = sourcecode.swift; path = UserDefaults.swift; sourceTree = "<group>"; };
		77577013291BDA0800DA331B /* GoogleService-Info.plist */ = {isa = PBXFileReference; fileEncoding = 4; lastKnownFileType = text.plist.xml; name = "GoogleService-Info.plist"; path = "../../../Sesac pdf/Sesac 강의 자료/GoogleService-Info.plist"; sourceTree = "<group>"; };
		77577017291CDF5A00DA331B /* SLPProject.entitlements */ = {isa = PBXFileReference; lastKnownFileType = text.plist.entitlements; path = SLPProject.entitlements; sourceTree = "<group>"; };
		77577018291D3A2700DA331B /* CustomTextField.swift */ = {isa = PBXFileReference; lastKnownFileType = sourcecode.swift; path = CustomTextField.swift; sourceTree = "<group>"; };
		7757701D291DE2DB00DA331B /* FirebaseAuthorization.swift */ = {isa = PBXFileReference; lastKnownFileType = sourcecode.swift; path = FirebaseAuthorization.swift; sourceTree = "<group>"; };
		7757701F291EC19E00DA331B /* CustomButton.swift */ = {isa = PBXFileReference; lastKnownFileType = sourcecode.swift; path = CustomButton.swift; sourceTree = "<group>"; };
		77C0D9812919270D008FDA83 /* OnBoardingViewModel.swift */ = {isa = PBXFileReference; lastKnownFileType = sourcecode.swift; path = OnBoardingViewModel.swift; sourceTree = "<group>"; };
		77C0D98629192F16008FDA83 /* FirstOnBoardingViewController.swift */ = {isa = PBXFileReference; lastKnownFileType = sourcecode.swift; path = FirstOnBoardingViewController.swift; sourceTree = "<group>"; };
		77C0D98829192F28008FDA83 /* SecondOnBoardingViewController.swift */ = {isa = PBXFileReference; lastKnownFileType = sourcecode.swift; path = SecondOnBoardingViewController.swift; sourceTree = "<group>"; };
		77C0D98A29192F35008FDA83 /* ThirdOnBoardingViewController.swift */ = {isa = PBXFileReference; lastKnownFileType = sourcecode.swift; path = ThirdOnBoardingViewController.swift; sourceTree = "<group>"; };
		77C0D98C29193CA7008FDA83 /* SLPAssets.swift */ = {isa = PBXFileReference; lastKnownFileType = sourcecode.swift; path = SLPAssets.swift; sourceTree = "<group>"; };
		77C0D98F291942E4008FDA83 /* CustomColor.swift */ = {isa = PBXFileReference; lastKnownFileType = sourcecode.swift; path = CustomColor.swift; sourceTree = "<group>"; };
		77C0D99529194F50008FDA83 /* LoginViewController.swift */ = {isa = PBXFileReference; lastKnownFileType = sourcecode.swift; path = LoginViewController.swift; sourceTree = "<group>"; };
		77C0D99729195118008FDA83 /* LoginViewModel.swift */ = {isa = PBXFileReference; lastKnownFileType = sourcecode.swift; path = LoginViewModel.swift; sourceTree = "<group>"; };
		77C0D99B2919754B008FDA83 /* MainTabViewController.swift */ = {isa = PBXFileReference; lastKnownFileType = sourcecode.swift; path = MainTabViewController.swift; sourceTree = "<group>"; };
		77C0D99D29197554008FDA83 /* NickNameViewController.swift */ = {isa = PBXFileReference; lastKnownFileType = sourcecode.swift; path = NickNameViewController.swift; sourceTree = "<group>"; };
		77C0D99F29198326008FDA83 /* CertificationViewController.swift */ = {isa = PBXFileReference; lastKnownFileType = sourcecode.swift; path = CertificationViewController.swift; sourceTree = "<group>"; };
		77C0D9A129198AE7008FDA83 /* CertificationViewModel.swift */ = {isa = PBXFileReference; lastKnownFileType = sourcecode.swift; path = CertificationViewModel.swift; sourceTree = "<group>"; };
		77C0D9A329199970008FDA83 /* String.swift */ = {isa = PBXFileReference; lastKnownFileType = sourcecode.swift; path = String.swift; sourceTree = "<group>"; };
/* End PBXFileReference section */

/* Begin PBXFrameworksBuildPhase section */
		77145A63291924490052B2FB /* Frameworks */ = {
			isa = PBXFrameworksBuildPhase;
			buildActionMask = 2147483647;
			files = (
				77145A84291924690052B2FB /* Toast in Frameworks */,
				7744A35F291FDD3F00A065C8 /* FirebaseAuth in Frameworks */,
				77217A0D2921DD8B000DC6CE /* DoubleSlider in Frameworks */,
				77217A272922AE21000DC6CE /* RxDataSources in Frameworks */,
				77217A202922ADF7000DC6CE /* RxCocoa in Frameworks */,
				7744A361291FDD3F00A065C8 /* FirebaseMessaging in Frameworks */,
				7744A34D291FB8A500A065C8 /* Moya in Frameworks */,
				77217A222922ADF7000DC6CE /* RxSwift in Frameworks */,
				77217A252922AE21000DC6CE /* Differentiator in Frameworks */,
				77217A432926CA9B000DC6CE /* RxMKMapView in Frameworks */,
				77C0D985291927B1008FDA83 /* SnapKit in Frameworks */,
			);
			runOnlyForDeploymentPostprocessing = 0;
		};
/* End PBXFrameworksBuildPhase section */

/* Begin PBXGroup section */
		77145A5D291924490052B2FB = {
			isa = PBXGroup;
			children = (
				77145A68291924490052B2FB /* SLPProject */,
				77145A67291924490052B2FB /* Products */,
			);
			sourceTree = "<group>";
		};
		77145A67291924490052B2FB /* Products */ = {
			isa = PBXGroup;
			children = (
				77145A66291924490052B2FB /* SLPProject.app */,
			);
			name = Products;
			sourceTree = "<group>";
		};
		77145A68291924490052B2FB /* SLPProject */ = {
			isa = PBXGroup;
			children = (
				77577017291CDF5A00DA331B /* SLPProject.entitlements */,
				77577013291BDA0800DA331B /* GoogleService-Info.plist */,
				7737FD23291A9C830029DEA2 /* SLPProjectDebug.entitlements */,
				77145A772919244A0052B2FB /* Info.plist */,
				77C0D97F29192568008FDA83 /* Application */,
				7744A348291FB81500A065C8 /* Network */,
				77C0D97C2919255E008FDA83 /* Model */,
				77C0D97E29192565008FDA83 /* View */,
				77217A322922E3F2000DC6CE /* ViewCell */,
				77C0D97D29192562008FDA83 /* ViewModel */,
				77C0D9802919259C008FDA83 /* Assets */,
				7757701C291D977800DA331B /* Custom */,
				77C0D98E291942D8008FDA83 /* Extensions */,
			);
			path = SLPProject;
			sourceTree = "<group>";
		};
		77217A192922A39A000DC6CE /* TableViewCell */ = {
			isa = PBXGroup;
			children = (
				77217A1A2922A3B8000DC6CE /* MyInfoTableViewCell.swift */,
				77217A332923DB42000DC6CE /* MySecondInfoTableViewCell.swift */,
			);
			path = TableViewCell;
			sourceTree = "<group>";
		};
		77217A312922E3CF000DC6CE /* MyInfo */ = {
			isa = PBXGroup;
			children = (
				77217A1429229550000DC6CE /* MyInfoViewController.swift */,
				77217A2F2922DFC3000DC6CE /* MySecondInfoViewController.swift */,
			);
			path = MyInfo;
			sourceTree = "<group>";
		};
		77217A322922E3F2000DC6CE /* ViewCell */ = {
			isa = PBXGroup;
			children = (
				77217A192922A39A000DC6CE /* TableViewCell */,
			);
			path = ViewCell;
			sourceTree = "<group>";
		};
		7737FD2E291AC70E0029DEA2 /* SignUp */ = {
			isa = PBXGroup;
			children = (
				77C0D99D29197554008FDA83 /* NickNameViewController.swift */,
				7737FD36291ACABD0029DEA2 /* BirthViewController.swift */,
				7737FD3A291ACB4B0029DEA2 /* EmailViewController.swift */,
				7737FD3E291ACB8E0029DEA2 /* GenderViewController.swift */,
			);
			path = SignUp;
			sourceTree = "<group>";
		};
		7737FD2F291AC72C0029DEA2 /* Main */ = {
			isa = PBXGroup;
			children = (
				77C0D99B2919754B008FDA83 /* MainTabViewController.swift */,
				77217A0E29229525000DC6CE /* HomeTabViewController.swift */,
				77217A1029229537000DC6CE /* SeSACShopViewController.swift */,
				77217A1229229545000DC6CE /* SeSACFriendViewController.swift */,
				77217A312922E3CF000DC6CE /* MyInfo */,
			);
			path = Main;
			sourceTree = "<group>";
		};
		7737FD30291AC74B0029DEA2 /* OnBoarding */ = {
			isa = PBXGroup;
			children = (
				77C0D9812919270D008FDA83 /* OnBoardingViewModel.swift */,
			);
			path = OnBoarding;
			sourceTree = "<group>";
		};
		7737FD31291AC7580029DEA2 /* Login */ = {
			isa = PBXGroup;
			children = (
				77C0D99729195118008FDA83 /* LoginViewModel.swift */,
				77C0D9A129198AE7008FDA83 /* CertificationViewModel.swift */,
			);
			path = Login;
			sourceTree = "<group>";
		};
		7737FD32291AC7770029DEA2 /* SignUp */ = {
			isa = PBXGroup;
			children = (
				7737FD34291AC8A50029DEA2 /* NickNameViewModel.swift */,
				7737FD38291ACAC60029DEA2 /* BirthViewModel.swift */,
				7737FD3C291ACB690029DEA2 /* EmailViewModel.swift */,
				7737FD40291ACB970029DEA2 /* GenderViewModel.swift */,
			);
			path = SignUp;
			sourceTree = "<group>";
		};
		7737FD33291AC79D0029DEA2 /* Main */ = {
			isa = PBXGroup;
			children = (
				77217A39292684E2000DC6CE /* HomeTabViewModel.swift */,
				77217A1C2922A903000DC6CE /* MyInfoViewModel.swift */,
			);
			path = Main;
			sourceTree = "<group>";
		};
		7744A348291FB81500A065C8 /* Network */ = {
			isa = PBXGroup;
			children = (
				7744A36E292105B900A065C8 /* NetworkReachability */,
				77577021291EC8B400DA331B /* Firebase */,
				7744A35A291FC24700A065C8 /* Target */,
				7744A351291FBD4700A065C8 /* URL */,
				7744A350291FBD2400A065C8 /* Error */,
				7744A37329210F0B00A065C8 /* APIService.swift */,
			);
			path = Network;
			sourceTree = "<group>";
		};
		7744A350291FBD2400A065C8 /* Error */ = {
			isa = PBXGroup;
			children = (
				7744A352291FBD5A00A065C8 /* LoginError.swift */,
				7744A354291FBD6600A065C8 /* SignUpError.swift */,
				7744A356291FBD7300A065C8 /* WithdrawError.swift */,
				7744A358291FBD8600A065C8 /* UpdateFcmTokenError.swift */,
				77217A3F2926AE95000DC6CE /* QueueStateError.swift */,
			);
			path = Error;
			sourceTree = "<group>";
		};
		7744A351291FBD4700A065C8 /* URL */ = {
			isa = PBXGroup;
			children = (
				7744A34E291FBA9000A065C8 /* APIURL.swift */,
			);
			path = URL;
			sourceTree = "<group>";
		};
		7744A35A291FC24700A065C8 /* Target */ = {
			isa = PBXGroup;
			children = (
				7744A349291FB83B00A065C8 /* SLPTarget.swift */,
			);
			path = Target;
			sourceTree = "<group>";
		};
		7744A3682920F74F00A065C8 /* Initial */ = {
			isa = PBXGroup;
			children = (
				7744A3692920F75E00A065C8 /* InitialViewController.swift */,
			);
			path = Initial;
			sourceTree = "<group>";
		};
		7744A36B2920F76F00A065C8 /* Initial */ = {
			isa = PBXGroup;
			children = (
				7744A36C2920F77E00A065C8 /* InitialViewModel.swift */,
			);
			path = Initial;
			sourceTree = "<group>";
		};
		7744A36E292105B900A065C8 /* NetworkReachability */ = {
			isa = PBXGroup;
			children = (
				7744A36F292105CE00A065C8 /* NetworkReachability.swift */,
			);
			path = NetworkReachability;
			sourceTree = "<group>";
		};
		7757701C291D977800DA331B /* Custom */ = {
			isa = PBXGroup;
			children = (
				77C0D98F291942E4008FDA83 /* CustomColor.swift */,
				77577018291D3A2700DA331B /* CustomTextField.swift */,
				7757701F291EC19E00DA331B /* CustomButton.swift */,
			);
			path = Custom;
			sourceTree = "<group>";
		};
		77577021291EC8B400DA331B /* Firebase */ = {
			isa = PBXGroup;
			children = (
				7757701D291DE2DB00DA331B /* FirebaseAuthorization.swift */,
			);
			path = Firebase;
			sourceTree = "<group>";
		};
		77C0D97C2919255E008FDA83 /* Model */ = {
			isa = PBXGroup;
			children = (
				7744A35B291FC32600A065C8 /* UserInfo.swift */,
				7744A36629200B0800A065C8 /* UserLoginInfo.swift */,
				77217A2B2922B0B0000DC6CE /* MyInfoTableModel.swift */,
				77217A352923EAA1000DC6CE /* MySecondInfoTableModel.swift */,
				77217A3D29269777000DC6CE /* UserSearchModel.swift */,
				77217A3B29269761000DC6CE /* UserLocationModel.swift */,
			);
			path = Model;
			sourceTree = "<group>";
		};
		77C0D97D29192562008FDA83 /* ViewModel */ = {
			isa = PBXGroup;
			children = (
				7744A36B2920F76F00A065C8 /* Initial */,
				7737FD30291AC74B0029DEA2 /* OnBoarding */,
				7737FD31291AC7580029DEA2 /* Login */,
				7737FD32291AC7770029DEA2 /* SignUp */,
				7737FD33291AC79D0029DEA2 /* Main */,
			);
			path = ViewModel;
			sourceTree = "<group>";
		};
		77C0D97E29192565008FDA83 /* View */ = {
			isa = PBXGroup;
			children = (
				7744A3682920F74F00A065C8 /* Initial */,
				77C0D999291951CE008FDA83 /* OnBoarding */,
				77C0D99A291951EA008FDA83 /* Login */,
				7737FD2E291AC70E0029DEA2 /* SignUp */,
				7737FD2F291AC72C0029DEA2 /* Main */,
			);
			path = View;
			sourceTree = "<group>";
		};
		77C0D97F29192568008FDA83 /* Application */ = {
			isa = PBXGroup;
			children = (
				77145A6B291924490052B2FB /* SceneDelegate.swift */,
				77145A69291924490052B2FB /* AppDelegate.swift */,
				77145A742919244A0052B2FB /* LaunchScreen.storyboard */,
			);
			path = Application;
			sourceTree = "<group>";
		};
		77C0D9802919259C008FDA83 /* Assets */ = {
			isa = PBXGroup;
			children = (
				77C0D98C29193CA7008FDA83 /* SLPAssets.swift */,
				77145A722919244A0052B2FB /* Assets.xcassets */,
			);
			path = Assets;
			sourceTree = "<group>";
		};
		77C0D98E291942D8008FDA83 /* Extensions */ = {
			isa = PBXGroup;
			children = (
				77C0D9A329199970008FDA83 /* String.swift */,
				77577011291BD4D000DA331B /* UserDefaults.swift */,
				7744A3622920013D00A065C8 /* UIViewController+Extension.swift */,
				7744A3642920048000A065C8 /* UINavigationViewController+Extensions.swift */,
			);
			path = Extensions;
			sourceTree = "<group>";
		};
		77C0D999291951CE008FDA83 /* OnBoarding */ = {
			isa = PBXGroup;
			children = (
				77145A6D291924490052B2FB /* OnBoardingPageViewController.swift */,
				77C0D98629192F16008FDA83 /* FirstOnBoardingViewController.swift */,
				77C0D98829192F28008FDA83 /* SecondOnBoardingViewController.swift */,
				77C0D98A29192F35008FDA83 /* ThirdOnBoardingViewController.swift */,
			);
			path = OnBoarding;
			sourceTree = "<group>";
		};
		77C0D99A291951EA008FDA83 /* Login */ = {
			isa = PBXGroup;
			children = (
				77C0D99529194F50008FDA83 /* LoginViewController.swift */,
				77C0D99F29198326008FDA83 /* CertificationViewController.swift */,
			);
			path = Login;
			sourceTree = "<group>";
		};
/* End PBXGroup section */

/* Begin PBXNativeTarget section */
		77145A65291924490052B2FB /* SLPProject */ = {
			isa = PBXNativeTarget;
			buildConfigurationList = 77145A7A2919244A0052B2FB /* Build configuration list for PBXNativeTarget "SLPProject" */;
			buildPhases = (
				77145A62291924490052B2FB /* Sources */,
				77145A63291924490052B2FB /* Frameworks */,
				77145A64291924490052B2FB /* Resources */,
			);
			buildRules = (
			);
			dependencies = (
			);
			name = SLPProject;
			packageProductDependencies = (
				77145A83291924690052B2FB /* Toast */,
				77C0D984291927B1008FDA83 /* SnapKit */,
				7744A34C291FB8A500A065C8 /* Moya */,
				7744A35E291FDD3F00A065C8 /* FirebaseAuth */,
				7744A360291FDD3F00A065C8 /* FirebaseMessaging */,
				77217A0C2921DD8B000DC6CE /* DoubleSlider */,
				77217A1F2922ADF7000DC6CE /* RxCocoa */,
				77217A212922ADF7000DC6CE /* RxSwift */,
				77217A242922AE21000DC6CE /* Differentiator */,
				77217A262922AE21000DC6CE /* RxDataSources */,
				77217A422926CA9B000DC6CE /* RxMKMapView */,
			);
			productName = SLPProject;
			productReference = 77145A66291924490052B2FB /* SLPProject.app */;
			productType = "com.apple.product-type.application";
		};
/* End PBXNativeTarget section */

/* Begin PBXProject section */
		77145A5E291924490052B2FB /* Project object */ = {
			isa = PBXProject;
			attributes = {
				BuildIndependentTargetsInParallel = 1;
				LastSwiftUpdateCheck = 1410;
				LastUpgradeCheck = 1410;
				TargetAttributes = {
					77145A65291924490052B2FB = {
						CreatedOnToolsVersion = 14.1;
					};
				};
			};
			buildConfigurationList = 77145A61291924490052B2FB /* Build configuration list for PBXProject "SLPProject" */;
			compatibilityVersion = "Xcode 14.0";
			developmentRegion = en;
			hasScannedForEncodings = 0;
			knownRegions = (
				en,
				Base,
			);
			mainGroup = 77145A5D291924490052B2FB;
			packageReferences = (
				77145A82291924690052B2FB /* XCRemoteSwiftPackageReference "Toast-Swift" */,
				77C0D983291927B1008FDA83 /* XCRemoteSwiftPackageReference "SnapKit" */,
				7744A34B291FB8A500A065C8 /* XCRemoteSwiftPackageReference "Moya" */,
				7744A35D291FDD3F00A065C8 /* XCRemoteSwiftPackageReference "firebase-ios-sdk" */,
				77217A0B2921DD8A000DC6CE /* XCRemoteSwiftPackageReference "DoubleSlider" */,
				77217A1E2922ADF7000DC6CE /* XCRemoteSwiftPackageReference "RxSwift" */,
				77217A232922AE21000DC6CE /* XCRemoteSwiftPackageReference "RxDataSources" */,
				77217A412926CA9B000DC6CE /* XCRemoteSwiftPackageReference "RxMKMapView" */,
			);
			productRefGroup = 77145A67291924490052B2FB /* Products */;
			projectDirPath = "";
			projectRoot = "";
			targets = (
				77145A65291924490052B2FB /* SLPProject */,
			);
		};
/* End PBXProject section */

/* Begin PBXResourcesBuildPhase section */
		77145A64291924490052B2FB /* Resources */ = {
			isa = PBXResourcesBuildPhase;
			buildActionMask = 2147483647;
			files = (
				77145A762919244A0052B2FB /* LaunchScreen.storyboard in Resources */,
				77577014291BDA0800DA331B /* GoogleService-Info.plist in Resources */,
				77145A732919244A0052B2FB /* Assets.xcassets in Resources */,
			);
			runOnlyForDeploymentPostprocessing = 0;
		};
/* End PBXResourcesBuildPhase section */

/* Begin PBXSourcesBuildPhase section */
		77145A62291924490052B2FB /* Sources */ = {
			isa = PBXSourcesBuildPhase;
			buildActionMask = 2147483647;
			files = (
				77145A6E291924490052B2FB /* OnBoardingPageViewController.swift in Sources */,
				7744A3652920048000A065C8 /* UINavigationViewController+Extensions.swift in Sources */,
				7744A36729200B0800A065C8 /* UserLoginInfo.swift in Sources */,
				77C0D98D29193CA7008FDA83 /* SLPAssets.swift in Sources */,
				7744A357291FBD7300A065C8 /* WithdrawError.swift in Sources */,
				7744A353291FBD5A00A065C8 /* LoginError.swift in Sources */,
				7744A3632920013D00A065C8 /* UIViewController+Extension.swift in Sources */,
				77217A1529229550000DC6CE /* MyInfoViewController.swift in Sources */,
				77217A1129229537000DC6CE /* SeSACShopViewController.swift in Sources */,
				77217A1329229545000DC6CE /* SeSACFriendViewController.swift in Sources */,
				77577020291EC19E00DA331B /* CustomButton.swift in Sources */,
				7744A359291FBD8600A065C8 /* UpdateFcmTokenError.swift in Sources */,
				7737FD37291ACABD0029DEA2 /* BirthViewController.swift in Sources */,
				77C0D99829195118008FDA83 /* LoginViewModel.swift in Sources */,
				7744A355291FBD6600A065C8 /* SignUpError.swift in Sources */,
				77217A1D2922A903000DC6CE /* MyInfoViewModel.swift in Sources */,
				77217A3E29269777000DC6CE /* UserSearchModel.swift in Sources */,
				7744A36D2920F77E00A065C8 /* InitialViewModel.swift in Sources */,
				7737FD39291ACAC60029DEA2 /* BirthViewModel.swift in Sources */,
				77C0D99C2919754B008FDA83 /* MainTabViewController.swift in Sources */,
				77C0D9A229198AE7008FDA83 /* CertificationViewModel.swift in Sources */,
				77217A302922DFC3000DC6CE /* MySecondInfoViewController.swift in Sources */,
				7744A36A2920F75E00A065C8 /* InitialViewController.swift in Sources */,
				77217A0F29229525000DC6CE /* HomeTabViewController.swift in Sources */,
				77C0D98929192F28008FDA83 /* SecondOnBoardingViewController.swift in Sources */,
				77C0D9A029198326008FDA83 /* CertificationViewController.swift in Sources */,
				7744A34A291FB83B00A065C8 /* SLPTarget.swift in Sources */,
				77577019291D3A2700DA331B /* CustomTextField.swift in Sources */,
				7744A37429210F0B00A065C8 /* APIService.swift in Sources */,
				77217A2C2922B0B0000DC6CE /* MyInfoTableModel.swift in Sources */,
				77145A6A291924490052B2FB /* AppDelegate.swift in Sources */,
				77C0D98B29192F35008FDA83 /* ThirdOnBoardingViewController.swift in Sources */,
				77145A6C291924490052B2FB /* SceneDelegate.swift in Sources */,
				77C0D9822919270D008FDA83 /* OnBoardingViewModel.swift in Sources */,
				7757701E291DE2DB00DA331B /* FirebaseAuthorization.swift in Sources */,
				77C0D98729192F16008FDA83 /* FirstOnBoardingViewController.swift in Sources */,
				7744A35C291FC32600A065C8 /* UserInfo.swift in Sources */,
				77C0D99629194F50008FDA83 /* LoginViewController.swift in Sources */,
				7737FD35291AC8A50029DEA2 /* NickNameViewModel.swift in Sources */,
				7737FD41291ACB970029DEA2 /* GenderViewModel.swift in Sources */,
				7737FD3D291ACB690029DEA2 /* EmailViewModel.swift in Sources */,
				77217A1B2922A3B8000DC6CE /* MyInfoTableViewCell.swift in Sources */,
				77217A342923DB42000DC6CE /* MySecondInfoTableViewCell.swift in Sources */,
				7737FD3F291ACB8E0029DEA2 /* GenderViewController.swift in Sources */,
				77C0D99E29197554008FDA83 /* NickNameViewController.swift in Sources */,
				77217A402926AE95000DC6CE /* QueueStateError.swift in Sources */,
				77217A362923EAA1000DC6CE /* MySecondInfoTableModel.swift in Sources */,
				77577012291BD4D000DA331B /* UserDefaults.swift in Sources */,
				77217A3C29269761000DC6CE /* UserLocationModel.swift in Sources */,
				7744A34F291FBA9000A065C8 /* APIURL.swift in Sources */,
				77C0D9A429199970008FDA83 /* String.swift in Sources */,
				77C0D990291942E4008FDA83 /* CustomColor.swift in Sources */,
				77217A3A292684E2000DC6CE /* HomeTabViewModel.swift in Sources */,
				7737FD3B291ACB4B0029DEA2 /* EmailViewController.swift in Sources */,
				7744A370292105CE00A065C8 /* NetworkReachability.swift in Sources */,
			);
			runOnlyForDeploymentPostprocessing = 0;
		};
/* End PBXSourcesBuildPhase section */

/* Begin PBXVariantGroup section */
		77145A742919244A0052B2FB /* LaunchScreen.storyboard */ = {
			isa = PBXVariantGroup;
			children = (
				77145A752919244A0052B2FB /* Base */,
			);
			name = LaunchScreen.storyboard;
			sourceTree = "<group>";
		};
/* End PBXVariantGroup section */

/* Begin XCBuildConfiguration section */
		77145A782919244A0052B2FB /* Debug */ = {
			isa = XCBuildConfiguration;
			buildSettings = {
				ALWAYS_SEARCH_USER_PATHS = NO;
				CLANG_ANALYZER_NONNULL = YES;
				CLANG_ANALYZER_NUMBER_OBJECT_CONVERSION = YES_AGGRESSIVE;
				CLANG_CXX_LANGUAGE_STANDARD = "gnu++20";
				CLANG_ENABLE_MODULES = YES;
				CLANG_ENABLE_OBJC_ARC = YES;
				CLANG_ENABLE_OBJC_WEAK = YES;
				CLANG_WARN_BLOCK_CAPTURE_AUTORELEASING = YES;
				CLANG_WARN_BOOL_CONVERSION = YES;
				CLANG_WARN_COMMA = YES;
				CLANG_WARN_CONSTANT_CONVERSION = YES;
				CLANG_WARN_DEPRECATED_OBJC_IMPLEMENTATIONS = YES;
				CLANG_WARN_DIRECT_OBJC_ISA_USAGE = YES_ERROR;
				CLANG_WARN_DOCUMENTATION_COMMENTS = YES;
				CLANG_WARN_EMPTY_BODY = YES;
				CLANG_WARN_ENUM_CONVERSION = YES;
				CLANG_WARN_INFINITE_RECURSION = YES;
				CLANG_WARN_INT_CONVERSION = YES;
				CLANG_WARN_NON_LITERAL_NULL_CONVERSION = YES;
				CLANG_WARN_OBJC_IMPLICIT_RETAIN_SELF = YES;
				CLANG_WARN_OBJC_LITERAL_CONVERSION = YES;
				CLANG_WARN_OBJC_ROOT_CLASS = YES_ERROR;
				CLANG_WARN_QUOTED_INCLUDE_IN_FRAMEWORK_HEADER = YES;
				CLANG_WARN_RANGE_LOOP_ANALYSIS = YES;
				CLANG_WARN_STRICT_PROTOTYPES = YES;
				CLANG_WARN_SUSPICIOUS_MOVE = YES;
				CLANG_WARN_UNGUARDED_AVAILABILITY = YES_AGGRESSIVE;
				CLANG_WARN_UNREACHABLE_CODE = YES;
				CLANG_WARN__DUPLICATE_METHOD_MATCH = YES;
				COPY_PHASE_STRIP = NO;
				DEBUG_INFORMATION_FORMAT = dwarf;
				ENABLE_STRICT_OBJC_MSGSEND = YES;
				ENABLE_TESTABILITY = YES;
				GCC_C_LANGUAGE_STANDARD = gnu11;
				GCC_DYNAMIC_NO_PIC = NO;
				GCC_NO_COMMON_BLOCKS = YES;
				GCC_OPTIMIZATION_LEVEL = 0;
				GCC_PREPROCESSOR_DEFINITIONS = (
					"DEBUG=1",
					"$(inherited)",
				);
				GCC_WARN_64_TO_32_BIT_CONVERSION = YES;
				GCC_WARN_ABOUT_RETURN_TYPE = YES_ERROR;
				GCC_WARN_UNDECLARED_SELECTOR = YES;
				GCC_WARN_UNINITIALIZED_AUTOS = YES_AGGRESSIVE;
				GCC_WARN_UNUSED_FUNCTION = YES;
				GCC_WARN_UNUSED_VARIABLE = YES;
				IPHONEOS_DEPLOYMENT_TARGET = 15.0;
				MTL_ENABLE_DEBUG_INFO = INCLUDE_SOURCE;
				MTL_FAST_MATH = YES;
				ONLY_ACTIVE_ARCH = YES;
				SDKROOT = iphoneos;
				SWIFT_ACTIVE_COMPILATION_CONDITIONS = DEBUG;
				SWIFT_OPTIMIZATION_LEVEL = "-Onone";
			};
			name = Debug;
		};
		77145A792919244A0052B2FB /* Release */ = {
			isa = XCBuildConfiguration;
			buildSettings = {
				ALWAYS_SEARCH_USER_PATHS = NO;
				CLANG_ANALYZER_NONNULL = YES;
				CLANG_ANALYZER_NUMBER_OBJECT_CONVERSION = YES_AGGRESSIVE;
				CLANG_CXX_LANGUAGE_STANDARD = "gnu++20";
				CLANG_ENABLE_MODULES = YES;
				CLANG_ENABLE_OBJC_ARC = YES;
				CLANG_ENABLE_OBJC_WEAK = YES;
				CLANG_WARN_BLOCK_CAPTURE_AUTORELEASING = YES;
				CLANG_WARN_BOOL_CONVERSION = YES;
				CLANG_WARN_COMMA = YES;
				CLANG_WARN_CONSTANT_CONVERSION = YES;
				CLANG_WARN_DEPRECATED_OBJC_IMPLEMENTATIONS = YES;
				CLANG_WARN_DIRECT_OBJC_ISA_USAGE = YES_ERROR;
				CLANG_WARN_DOCUMENTATION_COMMENTS = YES;
				CLANG_WARN_EMPTY_BODY = YES;
				CLANG_WARN_ENUM_CONVERSION = YES;
				CLANG_WARN_INFINITE_RECURSION = YES;
				CLANG_WARN_INT_CONVERSION = YES;
				CLANG_WARN_NON_LITERAL_NULL_CONVERSION = YES;
				CLANG_WARN_OBJC_IMPLICIT_RETAIN_SELF = YES;
				CLANG_WARN_OBJC_LITERAL_CONVERSION = YES;
				CLANG_WARN_OBJC_ROOT_CLASS = YES_ERROR;
				CLANG_WARN_QUOTED_INCLUDE_IN_FRAMEWORK_HEADER = YES;
				CLANG_WARN_RANGE_LOOP_ANALYSIS = YES;
				CLANG_WARN_STRICT_PROTOTYPES = YES;
				CLANG_WARN_SUSPICIOUS_MOVE = YES;
				CLANG_WARN_UNGUARDED_AVAILABILITY = YES_AGGRESSIVE;
				CLANG_WARN_UNREACHABLE_CODE = YES;
				CLANG_WARN__DUPLICATE_METHOD_MATCH = YES;
				COPY_PHASE_STRIP = NO;
				DEBUG_INFORMATION_FORMAT = "dwarf-with-dsym";
				ENABLE_NS_ASSERTIONS = NO;
				ENABLE_STRICT_OBJC_MSGSEND = YES;
				GCC_C_LANGUAGE_STANDARD = gnu11;
				GCC_NO_COMMON_BLOCKS = YES;
				GCC_WARN_64_TO_32_BIT_CONVERSION = YES;
				GCC_WARN_ABOUT_RETURN_TYPE = YES_ERROR;
				GCC_WARN_UNDECLARED_SELECTOR = YES;
				GCC_WARN_UNINITIALIZED_AUTOS = YES_AGGRESSIVE;
				GCC_WARN_UNUSED_FUNCTION = YES;
				GCC_WARN_UNUSED_VARIABLE = YES;
				IPHONEOS_DEPLOYMENT_TARGET = 15.0;
				MTL_ENABLE_DEBUG_INFO = NO;
				MTL_FAST_MATH = YES;
				SDKROOT = iphoneos;
				SWIFT_COMPILATION_MODE = wholemodule;
				SWIFT_OPTIMIZATION_LEVEL = "-O";
				VALIDATE_PRODUCT = YES;
			};
			name = Release;
		};
		77145A7B2919244A0052B2FB /* Debug */ = {
			isa = XCBuildConfiguration;
			buildSettings = {
				ASSETCATALOG_COMPILER_APPICON_NAME = AppIcon;
				ASSETCATALOG_COMPILER_GLOBAL_ACCENT_COLOR_NAME = AccentColor;
				CODE_SIGN_ENTITLEMENTS = SLPProject/SLPProjectDebug.entitlements;
				CODE_SIGN_IDENTITY = "Apple Development";
				CODE_SIGN_STYLE = Automatic;
				CURRENT_PROJECT_VERSION = 1;
				DEVELOPMENT_TEAM = 682X55S89X;
				GENERATE_INFOPLIST_FILE = YES;
				INFOPLIST_FILE = SLPProject/Info.plist;
				INFOPLIST_KEY_UIApplicationSupportsIndirectInputEvents = YES;
				INFOPLIST_KEY_UILaunchStoryboardName = LaunchScreen;
				INFOPLIST_KEY_UISupportedInterfaceOrientations_iPad = "UIInterfaceOrientationPortrait UIInterfaceOrientationPortraitUpsideDown UIInterfaceOrientationLandscapeLeft UIInterfaceOrientationLandscapeRight";
				INFOPLIST_KEY_UISupportedInterfaceOrientations_iPhone = "UIInterfaceOrientationPortrait UIInterfaceOrientationLandscapeLeft UIInterfaceOrientationLandscapeRight";
				LD_RUNPATH_SEARCH_PATHS = (
					"$(inherited)",
					"@executable_path/Frameworks",
				);
				MARKETING_VERSION = 1.0;
				PRODUCT_BUNDLE_IDENTIFIER = com.memolease.sesacslp;
				PRODUCT_NAME = "$(TARGET_NAME)";
				PROVISIONING_PROFILE_SPECIFIER = "";
				SWIFT_EMIT_LOC_STRINGS = YES;
				SWIFT_VERSION = 5.0;
				TARGETED_DEVICE_FAMILY = "1,2";
			};
			name = Debug;
		};
		77145A7C2919244A0052B2FB /* Release */ = {
			isa = XCBuildConfiguration;
			buildSettings = {
				ASSETCATALOG_COMPILER_APPICON_NAME = AppIcon;
				ASSETCATALOG_COMPILER_GLOBAL_ACCENT_COLOR_NAME = AccentColor;
				CODE_SIGN_ENTITLEMENTS = SLPProject/SLPProject.entitlements;
				CODE_SIGN_STYLE = Automatic;
				CURRENT_PROJECT_VERSION = 1;
				DEVELOPMENT_TEAM = 682X55S89X;
				GENERATE_INFOPLIST_FILE = YES;
				INFOPLIST_FILE = SLPProject/Info.plist;
				INFOPLIST_KEY_UIApplicationSupportsIndirectInputEvents = YES;
				INFOPLIST_KEY_UILaunchStoryboardName = LaunchScreen;
				INFOPLIST_KEY_UISupportedInterfaceOrientations_iPad = "UIInterfaceOrientationPortrait UIInterfaceOrientationPortraitUpsideDown UIInterfaceOrientationLandscapeLeft UIInterfaceOrientationLandscapeRight";
				INFOPLIST_KEY_UISupportedInterfaceOrientations_iPhone = "UIInterfaceOrientationPortrait UIInterfaceOrientationLandscapeLeft UIInterfaceOrientationLandscapeRight";
				LD_RUNPATH_SEARCH_PATHS = (
					"$(inherited)",
					"@executable_path/Frameworks",
				);
				MARKETING_VERSION = 1.0;
				PRODUCT_BUNDLE_IDENTIFIER = com.memolease.sesacslp;
				PRODUCT_NAME = "$(TARGET_NAME)";
				SWIFT_EMIT_LOC_STRINGS = YES;
				SWIFT_VERSION = 5.0;
				TARGETED_DEVICE_FAMILY = "1,2";
			};
			name = Release;
		};
/* End XCBuildConfiguration section */

/* Begin XCConfigurationList section */
		77145A61291924490052B2FB /* Build configuration list for PBXProject "SLPProject" */ = {
			isa = XCConfigurationList;
			buildConfigurations = (
				77145A782919244A0052B2FB /* Debug */,
				77145A792919244A0052B2FB /* Release */,
			);
			defaultConfigurationIsVisible = 0;
			defaultConfigurationName = Release;
		};
		77145A7A2919244A0052B2FB /* Build configuration list for PBXNativeTarget "SLPProject" */ = {
			isa = XCConfigurationList;
			buildConfigurations = (
				77145A7B2919244A0052B2FB /* Debug */,
				77145A7C2919244A0052B2FB /* Release */,
			);
			defaultConfigurationIsVisible = 0;
			defaultConfigurationName = Release;
		};
/* End XCConfigurationList section */

/* Begin XCRemoteSwiftPackageReference section */
		77145A82291924690052B2FB /* XCRemoteSwiftPackageReference "Toast-Swift" */ = {
			isa = XCRemoteSwiftPackageReference;
			repositoryURL = "https://github.com/scalessec/Toast-Swift.git";
			requirement = {
				branch = master;
				kind = branch;
			};
		};
		77217A0B2921DD8A000DC6CE /* XCRemoteSwiftPackageReference "DoubleSlider" */ = {
			isa = XCRemoteSwiftPackageReference;
			repositoryURL = "https://github.com/yhkaplan/DoubleSlider.git";
			requirement = {
				kind = upToNextMajorVersion;
				minimumVersion = 1.0.0;
			};
		};
		77217A1E2922ADF7000DC6CE /* XCRemoteSwiftPackageReference "RxSwift" */ = {
			isa = XCRemoteSwiftPackageReference;
			repositoryURL = "https://github.com/ReactiveX/RxSwift.git";
			requirement = {
				branch = main;
				kind = branch;
			};
		};
		77217A232922AE21000DC6CE /* XCRemoteSwiftPackageReference "RxDataSources" */ = {
			isa = XCRemoteSwiftPackageReference;
			repositoryURL = "https://github.com/RxSwiftCommunity/RxDataSources.git";
			requirement = {
				kind = upToNextMajorVersion;
				minimumVersion = 5.0.0;
			};
		};
		77217A412926CA9B000DC6CE /* XCRemoteSwiftPackageReference "RxMKMapView" */ = {
			isa = XCRemoteSwiftPackageReference;
			repositoryURL = "https://github.com/RxSwiftCommunity/RxMKMapView.git";
			requirement = {
				kind = upToNextMajorVersion;
				minimumVersion = 6.0.0;
			};
		};
		7744A34B291FB8A500A065C8 /* XCRemoteSwiftPackageReference "Moya" */ = {
			isa = XCRemoteSwiftPackageReference;
			repositoryURL = "https://github.com/Moya/Moya.git";
			requirement = {
				kind = exactVersion;
				version = 15.0.3;
			};
		};
		7744A35D291FDD3F00A065C8 /* XCRemoteSwiftPackageReference "firebase-ios-sdk" */ = {
			isa = XCRemoteSwiftPackageReference;
			repositoryURL = "https://github.com/firebase/firebase-ios-sdk";
			requirement = {
				kind = upToNextMajorVersion;
				minimumVersion = 9.0.0;
			};
		};
		77C0D983291927B1008FDA83 /* XCRemoteSwiftPackageReference "SnapKit" */ = {
			isa = XCRemoteSwiftPackageReference;
			repositoryURL = "https://github.com/SnapKit/SnapKit.git";
			requirement = {
				kind = upToNextMajorVersion;
				minimumVersion = 5.0.0;
			};
		};
/* End XCRemoteSwiftPackageReference section */

/* Begin XCSwiftPackageProductDependency section */
		77145A83291924690052B2FB /* Toast */ = {
			isa = XCSwiftPackageProductDependency;
			package = 77145A82291924690052B2FB /* XCRemoteSwiftPackageReference "Toast-Swift" */;
			productName = Toast;
		};
		77217A0C2921DD8B000DC6CE /* DoubleSlider */ = {
			isa = XCSwiftPackageProductDependency;
			package = 77217A0B2921DD8A000DC6CE /* XCRemoteSwiftPackageReference "DoubleSlider" */;
			productName = DoubleSlider;
		};
		77217A1F2922ADF7000DC6CE /* RxCocoa */ = {
			isa = XCSwiftPackageProductDependency;
			package = 77217A1E2922ADF7000DC6CE /* XCRemoteSwiftPackageReference "RxSwift" */;
			productName = RxCocoa;
		};
		77217A212922ADF7000DC6CE /* RxSwift */ = {
			isa = XCSwiftPackageProductDependency;
			package = 77217A1E2922ADF7000DC6CE /* XCRemoteSwiftPackageReference "RxSwift" */;
			productName = RxSwift;
		};
		77217A242922AE21000DC6CE /* Differentiator */ = {
			isa = XCSwiftPackageProductDependency;
			package = 77217A232922AE21000DC6CE /* XCRemoteSwiftPackageReference "RxDataSources" */;
			productName = Differentiator;
		};
		77217A262922AE21000DC6CE /* RxDataSources */ = {
			isa = XCSwiftPackageProductDependency;
			package = 77217A232922AE21000DC6CE /* XCRemoteSwiftPackageReference "RxDataSources" */;
			productName = RxDataSources;
		};
		77217A422926CA9B000DC6CE /* RxMKMapView */ = {
			isa = XCSwiftPackageProductDependency;
			package = 77217A412926CA9B000DC6CE /* XCRemoteSwiftPackageReference "RxMKMapView" */;
			productName = RxMKMapView;
		};
		7744A34C291FB8A500A065C8 /* Moya */ = {
			isa = XCSwiftPackageProductDependency;
			package = 7744A34B291FB8A500A065C8 /* XCRemoteSwiftPackageReference "Moya" */;
			productName = Moya;
		};
		7744A35E291FDD3F00A065C8 /* FirebaseAuth */ = {
			isa = XCSwiftPackageProductDependency;
			package = 7744A35D291FDD3F00A065C8 /* XCRemoteSwiftPackageReference "firebase-ios-sdk" */;
			productName = FirebaseAuth;
		};
		7744A360291FDD3F00A065C8 /* FirebaseMessaging */ = {
			isa = XCSwiftPackageProductDependency;
			package = 7744A35D291FDD3F00A065C8 /* XCRemoteSwiftPackageReference "firebase-ios-sdk" */;
			productName = FirebaseMessaging;
		};
		77C0D984291927B1008FDA83 /* SnapKit */ = {
			isa = XCSwiftPackageProductDependency;
			package = 77C0D983291927B1008FDA83 /* XCRemoteSwiftPackageReference "SnapKit" */;
			productName = SnapKit;
		};
/* End XCSwiftPackageProductDependency section */
	};
	rootObject = 77145A5E291924490052B2FB /* Project object */;
}
